# This file was autogenerated by uv via the following command:
#    uv export --no-hashes -o requirements-dev.lock
-e .
asgiref==3.11.0
attrs==25.4.0
certifi==2026.1.4
cffi==2.0.0 ; platform_python_implementation != 'PyPy'
charset-normalizer==3.4.4
colorama==0.4.6 ; sys_platform == 'win32'
coverage==7.13.1
cryptography==46.0.3
css-inline==0.19.0
django==6.0.1
django-saas-base==0.15.0
django-stubs==5.2.8
django-stubs-ext==5.2.8
djangorestframework==3.16.1
drf-spectacular==0.29.0
idna==3.11
inflection==0.5.1
iniconfig==2.3.0
joserfc==1.6.1
jsonschema==4.26.0
jsonschema-specifications==2025.9.1
otpauth==2.2.1
packaging==25.0
pluggy==1.6.0
pycparser==2.23 ; implementation_name != 'PyPy' and platform_python_implementation != 'PyPy'
pygments==2.19.2
pytest==9.0.2
pytest-cov==7.0.0
pytest-django==4.11.1
python-dotenv==1.2.1
pyyaml==6.0.3
referencing==0.37.0
requests==2.32.5
rpds-py==0.30.0
sqlparse==0.5.5
types-pyyaml==6.0.12.20250915
typing-extensions==4.15.0
tzdata==2025.3 ; sys_platform == 'win32'
uritemplate==4.2.0
urllib3==2.6.3
