{
  "nodes": {
    "devshell": {
      "inputs": {
        "nixpkgs": "nixpkgs"
      },
      "locked": {
        "lastModified": 1764011051,
        "narHash": "sha256-M7SZyPZiqZUR/EiiBJnmyUbOi5oE/03tCeFrTiUZchI=",
        "owner": "numtide",
        "repo": "devshell",
        "rev": "17ed8d9744ebe70424659b0ef74ad6d41fc87071",
        "type": "github"
      },
      "original": {
        "owner": "numtide",
        "repo": "devshell",
        "type": "github"
      }
    },
    "flake-compat": {
      "flake": false,
      "locked": {
        "lastModified": 1747046372,
        "narHash": "sha256-CIVLLkVgvHYbgI2UpXvIIBJ12HWgX+fjA8Xf8PUmqCY=",
        "owner": "edolstra",
        "repo": "flake-compat",
        "rev": "9100a0f413b0c601e0533d1d94ffd501ce2e7885",
        "type": "github"
      },
      "original": {
        "owner": "edolstra",
        "repo": "flake-compat",
        "type": "github"
      }
    },
    "flake-utils": {
      "inputs": {
        "systems": "systems"
      },
      "locked": {
        "lastModified": 1731533236,
        "narHash": "sha256-l0KFg5HjrsfsO/JpG+r7fRrqm12kzFHyUHqHCVpMMbI=",
        "owner": "numtide",
        "repo": "flake-utils",
        "rev": "11707dc2f618dd54ca8739b309ec4fc024de578b",
        "type": "github"
      },
      "original": {
        "id": "flake-utils",
        "type": "indirect"
      }
    },
    "nixpkgs": {
      "locked": {
        "lastModified": 1762156382,
        "narHash": "sha256-Yg7Ag7ov5+36jEFC1DaZh/12SEXo6OO3/8rqADRxiqs=",
        "owner": "NixOS",
        "repo": "nixpkgs",
        "rev": "7241bcbb4f099a66aafca120d37c65e8dda32717",
        "type": "github"
      },
      "original": {
        "owner": "NixOS",
        "ref": "nixpkgs-unstable",
        "repo": "nixpkgs",
        "type": "github"
      }
    },
    "nixpkgs-python": {
      "inputs": {
        "flake-compat": "flake-compat",
        "nixpkgs": "nixpkgs_3"
      },
      "locked": {
        "lastModified": 1765052656,
        "narHash": "sha256-DrMjrjxMttbGDoVxr/xke0ihd5GVd6fyUVsjuepEsCc=",
        "owner": "cachix",
        "repo": "nixpkgs-python",
        "rev": "04b27dbad2e004cb237db202f21154eea3c4f89f",
        "type": "github"
      },
      "original": {
        "owner": "cachix",
        "repo": "nixpkgs-python",
        "type": "github"
      }
    },
    "nixpkgs_2": {
      "locked": {
        "lastModified": 1768564909,
        "narHash": "sha256-Kell/SpJYVkHWMvnhqJz/8DqQg2b6PguxVWOuadbHCc=",
        "owner": "nixos",
        "repo": "nixpkgs",
        "rev": "e4bae1bd10c9c57b2cf517953ab70060a828ee6f",
        "type": "github"
      },
      "original": {
        "owner": "nixos",
        "ref": "nixos-unstable",
        "repo": "nixpkgs",
        "type": "github"
      }
    },
    "nixpkgs_3": {
      "locked": {
        "lastModified": 1753345091,
        "narHash": "sha256-CdX2Rtvp5I8HGu9swBmYuq+ILwRxpXdJwlpg8jvN4tU=",
        "owner": "NixOS",
        "repo": "nixpkgs",
        "rev": "3ff0e34b1383648053bba8ed03f201d3466f90c9",
        "type": "github"
      },
      "original": {
        "owner": "NixOS",
        "ref": "nixos-25.05",
        "repo": "nixpkgs",
        "type": "github"
      }
    },
    "root": {
      "inputs": {
        "devshell": "devshell",
        "flake-utils": "flake-utils",
        "nixpkgs": "nixpkgs_2",
        "nixpkgs-python": "nixpkgs-python"
      }
    },
    "systems": {
      "locked": {
        "lastModified": 1681028828,
        "narHash": "sha256-Vy1rq5AaRuLzOxct8nz4T6wlgyUR7zLU309k9mBC768=",
        "owner": "nix-systems",
        "repo": "default",
        "rev": "da67096a3b9bf56a91d16901293e51ba5b49a27e",
        "type": "github"
      },
      "original": {
        "owner": "nix-systems",
        "repo": "default",
        "type": "github"
      }
    }
  },
  "root": "root",
  "version": 7
}
