# This file is automatically @generated by Poetry 2.1.4 and should not be changed by hand.

[[package]]
name = "colorama"
version = "0.4.6"
description = "Cross-platform colored terminal text."
optional = false
python-versions = "!=3.0.*,!=3.1.*,!=3.2.*,!=3.3.*,!=3.4.*,!=3.5.*,!=3.6.*,>=2.7"
groups = ["dev"]
markers = "sys_platform == \"win32\""
files = [
    {file = "colorama-0.4.6-py2.py3-none-any.whl", hash = "sha256:4f1d9991f5acc0ca119f9d443620b77f9d6b33703e51011c16baf57afb285fc6"},
    {file = "colorama-0.4.6.tar.gz", hash = "sha256:08695f5cb7ed6e0531a20572697297273c47b8cae5a63ffc6d6ed5c201be6e44"},
]

[[package]]
name = "cython"
version = "3.1.3"
description = "The Cython compiler for writing C extensions in the Python language."
optional = false
python-versions = ">=3.8"
groups = ["build"]
files = [
    {file = "cython-3.1.3-cp310-cp310-macosx_10_9_x86_64.whl", hash = "sha256:ae7683987eea77890eb3251738b52a775565652730d6a1a6e39c5e1351d7d89b"},
    {file = "cython-3.1.3-cp310-cp310-macosx_11_0_arm64.whl", hash = "sha256:38e268eba028760167188ae81091f5380ca40a72d2a9eaff4fc6d41fd73a9254"},
    {file = "cython-3.1.3-cp310-cp310-manylinux1_i686.manylinux_2_28_i686.manylinux_2_5_i686.whl", hash = "sha256:16dc5d40712b73f663c3ae19a283b9f2c6228d47eb8369bc87d1d8fc35c2bce8"},
    {file = "cython-3.1.3-cp310-cp310-manylinux2014_aarch64.manylinux_2_17_aarch64.manylinux_2_28_aarch64.whl", hash = "sha256:ea4116d35642d2b56d105b82c53480677d6e97bff354977948587512328b14d9"},
    {file = "cython-3.1.3-cp310-cp310-manylinux2014_x86_64.manylinux_2_17_x86_64.manylinux_2_28_x86_64.whl", hash = "sha256:c366a179d0c1f285c661efddcfe969f40208f76f008d4a5a657a0822ae3dbf96"},
    {file = "cython-3.1.3-cp310-cp310-musllinux_1_2_aarch64.whl", hash = "sha256:3af75ad4f490708f4254aa143991dd5cb59c1bda328a099ecf056add2aa81209"},
    {file = "cython-3.1.3-cp310-cp310-musllinux_1_2_i686.whl", hash = "sha256:d03179a36256031be112e4ae0b41cc18fe26eef54ef615b7ee859be9bb30260a"},
    {file = "cython-3.1.3-cp310-cp310-musllinux_1_2_x86_64.whl", hash = "sha256:4680169f2839294d33e8c290e780cee87417b4544ff0bd3f1ca5edbeda608292"},
    {file = "cython-3.1.3-cp310-cp310-win32.whl", hash = "sha256:f3897d5763df5ffc78327605c5a62748a04f043458928b33b2032ebefa35ee6d"},
    {file = "cython-3.1.3-cp310-cp310-win_amd64.whl", hash = "sha256:840755545f61e79b3f75c92af7c0c19ab89f57c5521bf0fb59660412dd50c5c4"},
    {file = "cython-3.1.3-cp311-cp311-macosx_10_9_x86_64.whl", hash = "sha256:4b3b2f6587b42efdece2d174a2aa4234da4524cc6673f3955c2e62b60c6d11fd"},
    {file = "cython-3.1.3-cp311-cp311-macosx_11_0_arm64.whl", hash = "sha256:963cf640d049fcca1cefd62d1653f859892d6dc8e4d958eb49a5babc491de6a1"},
    {file = "cython-3.1.3-cp311-cp311-manylinux1_i686.manylinux_2_28_i686.manylinux_2_5_i686.whl", hash = "sha256:2ab05d1bf2d5522ecff35d94ca233b77db2300413597c3ca0b6448377fa4bd7c"},
    {file = "cython-3.1.3-cp311-cp311-manylinux2014_aarch64.manylinux_2_17_aarch64.manylinux_2_28_aarch64.whl", hash = "sha256:cd517e3be052fb49443585b01f02f46080b3408e32c1108a0fdc4cc25b3c9d30"},
    {file = "cython-3.1.3-cp311-cp311-manylinux2014_x86_64.manylinux_2_17_x86_64.manylinux_2_28_x86_64.whl", hash = "sha256:a48e2180d74e3c528561d85b48f9a939a429537f9ea8aac7fb16180e7bff47e2"},
    {file = "cython-3.1.3-cp311-cp311-musllinux_1_2_aarch64.whl", hash = "sha256:e7c9daa90b15f59aa2a0d638ac1b36777a7e80122099952a0295c71190ce14bc"},
    {file = "cython-3.1.3-cp311-cp311-musllinux_1_2_i686.whl", hash = "sha256:08ac646ff42781827f23b7a9b61669cdb92055f52724cd8cbe0e1defc56fce2e"},
    {file = "cython-3.1.3-cp311-cp311-musllinux_1_2_x86_64.whl", hash = "sha256:bb0e0e7fceaffa22e4dc9600f7f75998eef5cc6ac5a8c0733b482851ba765ef2"},
    {file = "cython-3.1.3-cp311-cp311-win32.whl", hash = "sha256:42b1c3ebe36a52e2a8e939c0651e9ca5d30b81d03f800bbf0499deb0503ab565"},
    {file = "cython-3.1.3-cp311-cp311-win_amd64.whl", hash = "sha256:34a973844998281951bf54cdd0b6a9946ba03ba94580820738583a00da167d8f"},
    {file = "cython-3.1.3-cp312-cp312-macosx_10_13_x86_64.whl", hash = "sha256:849ef3d15d4354e5f74cdb6d3c80d80b03209b3bf1f4ff93315890b19da18944"},
    {file = "cython-3.1.3-cp312-cp312-macosx_11_0_arm64.whl", hash = "sha256:93dd0f62a3f8e93166d8584f8b243180d681ba8fed1f530b55d5f70c348c5797"},
    {file = "cython-3.1.3-cp312-cp312-manylinux1_i686.manylinux_2_28_i686.manylinux_2_5_i686.whl", hash = "sha256:ff4a2cb84798faffb3988bd94636c3ad31a95ff44ef017f09121abffc56f84cf"},
    {file = "cython-3.1.3-cp312-cp312-manylinux2014_aarch64.manylinux_2_17_aarch64.manylinux_2_28_aarch64.whl", hash = "sha256:4b05319e36f34d5388deea5cc2bcfd65f9ebf76f4ea050829421a69625dbba4a"},
    {file = "cython-3.1.3-cp312-cp312-manylinux2014_x86_64.manylinux_2_17_x86_64.manylinux_2_28_x86_64.whl", hash = "sha256:7ac902a17934a6da46f80755f49413bc4c03a569ae3c834f5d66da7288ba7e6c"},
    {file = "cython-3.1.3-cp312-cp312-musllinux_1_2_aarch64.whl", hash = "sha256:7d7a555a864b1b08576f9e8a67f3789796a065837544f9f683ebf3188012fdbd"},
    {file = "cython-3.1.3-cp312-cp312-musllinux_1_2_i686.whl", hash = "sha256:b827ce7d97ef8624adcf2bdda594b3dcb6c9b4f124d8f72001d8aea27d69dc1c"},
    {file = "cython-3.1.3-cp312-cp312-musllinux_1_2_x86_64.whl", hash = "sha256:7851107204085f4f02d0eb6b660ddcad2ce4846e8b7a1eaba724a0bd3cd68a6b"},
    {file = "cython-3.1.3-cp312-cp312-win32.whl", hash = "sha256:ed20f1b45b2da5a4f8e71a80025bca1cdc96ba35820b0b17658a4a025be920b0"},
    {file = "cython-3.1.3-cp312-cp312-win_amd64.whl", hash = "sha256:dc4ca0f4dec55124cd79ddcfc555be1cbe0092cc99bcf1403621d17b9c6218bb"},
    {file = "cython-3.1.3-cp313-cp313-macosx_10_13_x86_64.whl", hash = "sha256:9458d540ef0853ea4fc65b8a946587bd483ef7244b470b3d93424eb7b04edeb1"},
    {file = "cython-3.1.3-cp313-cp313-macosx_11_0_arm64.whl", hash = "sha256:32d1b22c3b231326e9f16480a7f508c6841bbf7d0615c2d6f489ebc72dd05205"},
    {file = "cython-3.1.3-cp313-cp313-manylinux1_i686.manylinux_2_28_i686.manylinux_2_5_i686.whl", hash = "sha256:d4c7e0b8584b02a349952de7d7d47f89c97cbf3fee74962e89e3caa78139ec84"},
    {file = "cython-3.1.3-cp313-cp313-manylinux2014_aarch64.manylinux_2_17_aarch64.manylinux_2_28_aarch64.whl", hash = "sha256:c9178f0c06f4bc92372dc44e3867e9285bebd556953e47857c26b389aabe2828"},
    {file = "cython-3.1.3-cp313-cp313-manylinux2014_x86_64.manylinux_2_17_x86_64.manylinux_2_28_x86_64.whl", hash = "sha256:d4da2e624d381e9790152672bfc599a5fb4b823b99d82700a10f5db3311851f9"},
    {file = "cython-3.1.3-cp313-cp313-musllinux_1_2_aarch64.whl", hash = "sha256:680c9168882c5e8031dd31df199b9a5ee897e95136d15f8c6454b62162ede25e"},
    {file = "cython-3.1.3-cp313-cp313-musllinux_1_2_i686.whl", hash = "sha256:833cd0fdba9210d2f1f29e097579565a296d7ff567fd63e8cf5fde4c14339f4f"},
    {file = "cython-3.1.3-cp313-cp313-musllinux_1_2_x86_64.whl", hash = "sha256:c04367fa0e6c35b199eb51d64b5e185584b810f6c2b96726ce450300faf99686"},
    {file = "cython-3.1.3-cp313-cp313-win32.whl", hash = "sha256:f02ef2bf72a576bf541534c704971b8901616db431bc46d368eed1d6b20aaa1e"},
    {file = "cython-3.1.3-cp313-cp313-win_amd64.whl", hash = "sha256:00264cafcc451dcefc01eaf29ed5ec150fb73af21d4d21105d97e9d829a53e99"},
    {file = "cython-3.1.3-cp314-cp314-macosx_10_13_x86_64.whl", hash = "sha256:62b0a9514b68391aae9784405b65738bbe19cdead3dd7b90dd9e963281db1ee3"},
    {file = "cython-3.1.3-cp314-cp314-macosx_11_0_arm64.whl", hash = "sha256:976db373c315f342dcb24cd65b5e4c08d2c7b42f9f6ac1b3f677eb2abc9bfb0f"},
    {file = "cython-3.1.3-cp314-cp314-manylinux1_i686.manylinux_2_28_i686.manylinux_2_5_i686.whl", hash = "sha256:e765c12a02dea0bd968cf1e85af77be1dc6d21909c3fbf5bd81815a7cdd4a65e"},
    {file = "cython-3.1.3-cp314-cp314-manylinux2014_aarch64.manylinux_2_17_aarch64.manylinux_2_28_aarch64.whl", hash = "sha256:097374fa1370e9967e48442a41a0acbebb94fe9d63976cad31eacd38424847bf"},
    {file = "cython-3.1.3-cp314-cp314-manylinux2014_x86_64.manylinux_2_17_x86_64.manylinux_2_28_x86_64.whl", hash = "sha256:29d8fda4d62b693e62992c665a688e3a220be70958c48eb4c2634093c9998156"},
    {file = "cython-3.1.3-cp314-cp314-musllinux_1_2_aarch64.whl", hash = "sha256:da23fa5082940ae1eed487ee9b7c1da7015b53f9feffeee661f4ee57f696dcd5"},
    {file = "cython-3.1.3-cp314-cp314-musllinux_1_2_i686.whl", hash = "sha256:8880daa7a0ddf971593f24da161c976bc1bea895393fdfebb8e54269321d9d2b"},
    {file = "cython-3.1.3-cp314-cp314-musllinux_1_2_x86_64.whl", hash = "sha256:20d6b5a9fc210d3bc2880413011f606e1208e12ee6efc74717445a63f9795af1"},
    {file = "cython-3.1.3-cp314-cp314-win32.whl", hash = "sha256:3b2243fed3eeb129dedf2cebbe3be0d9b02fbf3bc75b387aafd54aac3950baa6"},
    {file = "cython-3.1.3-cp314-cp314-win_amd64.whl", hash = "sha256:d32792c80b1fa8be9de207ec8844d49c4d1d0d60e5136d20f344729270db6490"},
    {file = "cython-3.1.3-cp38-cp38-macosx_10_9_x86_64.whl", hash = "sha256:9ec6007da0395d6537f3946f5e0ae25a583e4cf652422b14ff65fe8b11467d8d"},
    {file = "cython-3.1.3-cp38-cp38-macosx_11_0_arm64.whl", hash = "sha256:640f38f1e90bfd8ac1912a1af17574936ba30dc90797da0b11fee913a22f49a2"},
    {file = "cython-3.1.3-cp38-cp38-manylinux1_i686.manylinux_2_28_i686.manylinux_2_5_i686.whl", hash = "sha256:46957ccbbc1647ba7efd72dabf031ec0eff9be1673de4a8aa99c8c1162d2f50f"},
    {file = "cython-3.1.3-cp38-cp38-manylinux2014_aarch64.manylinux_2_17_aarch64.manylinux_2_28_aarch64.whl", hash = "sha256:ee16fb1c999b049b4e6b3438a56acb65e827f834105def8a9eee25ab9b2b18f8"},
    {file = "cython-3.1.3-cp38-cp38-manylinux2014_x86_64.manylinux_2_17_x86_64.manylinux_2_28_x86_64.whl", hash = "sha256:1e7fc012991421720620aeb846f01f8acefdac4ff57819388036f6ab1d613b51"},
    {file = "cython-3.1.3-cp38-cp38-musllinux_1_2_aarch64.whl", hash = "sha256:d5b7648ff5cd160fd6f94955944e2f6826b2ebff1b1d4bcd9dc98625ef1548b7"},
    {file = "cython-3.1.3-cp38-cp38-musllinux_1_2_i686.whl", hash = "sha256:d1fff5b2a9dec9e300dc9430d163783968723faa7266646084ab5bb9fa79f4ce"},
    {file = "cython-3.1.3-cp38-cp38-musllinux_1_2_x86_64.whl", hash = "sha256:661f0121bdd9fe1ec6583c41f110c0e24f9cf551b1bfa76fd436de628654f8b2"},
    {file = "cython-3.1.3-cp38-cp38-win32.whl", hash = "sha256:9ec901176efca3628e017603978d931f69ddb078b01e7221dd3b874615fc5b13"},
    {file = "cython-3.1.3-cp38-cp38-win_amd64.whl", hash = "sha256:3003814be46f67ef997430c9ca5a1f6aa169a79df3faddb277c20fb9f52d1e4b"},
    {file = "cython-3.1.3-cp39-cp39-macosx_10_9_x86_64.whl", hash = "sha256:db6b15c00fcd102bed7af25aa68f52789a81d02766f3ba9b6be57e2c6e7ecb4d"},
    {file = "cython-3.1.3-cp39-cp39-macosx_11_0_arm64.whl", hash = "sha256:22473fe11a8dc156b66f5bd9e60b4dd59b9350a1ee70317c1dda9bb71e34b409"},
    {file = "cython-3.1.3-cp39-cp39-manylinux1_i686.manylinux_2_28_i686.manylinux_2_5_i686.whl", hash = "sha256:f63b4e351ffa434b3b07629ab9068c25bfe322edc0c8f6b0310d950598ca5214"},
    {file = "cython-3.1.3-cp39-cp39-manylinux2014_aarch64.manylinux_2_17_aarch64.manylinux_2_28_aarch64.whl", hash = "sha256:fd2de686b64bef9a9efe059f826705b2a885cbcb9eff5eb8d42c290bdc72debd"},
    {file = "cython-3.1.3-cp39-cp39-manylinux2014_x86_64.manylinux_2_17_x86_64.manylinux_2_28_x86_64.whl", hash = "sha256:40f519fb0757394c892f970ad4c299b27f348c96abe0a7f4882f57d288101fde"},
    {file = "cython-3.1.3-cp39-cp39-musllinux_1_2_aarch64.whl", hash = "sha256:c62c6eb8b3d500a236e30e9e192f7765506e729e745c25366429ba38652b9116"},
    {file = "cython-3.1.3-cp39-cp39-musllinux_1_2_i686.whl", hash = "sha256:8ea4e363a523eabd987852715372de6ed34c1af65d04357058b18e509e83bfb7"},
    {file = "cython-3.1.3-cp39-cp39-musllinux_1_2_x86_64.whl", hash = "sha256:6aadf7de28bc75ddfe2ce2c53fc8acf428f0499b3ac62ab3cc3b71a248edf59b"},
    {file = "cython-3.1.3-py3-none-any.whl", hash = "sha256:d13025b34f72f77bf7f65c1cd628914763e6c285f4deb934314c922b91e6be5a"},
    {file = "cython-3.1.3.tar.gz", hash = "sha256:10ee785e42328924b78f75a74f66a813cb956b4a9bc91c44816d089d5934c089"},
]

[[package]]
name = "hypercomplex"
version = "0.3.4"
description = "Library for arbitrary-dimension hypercomplex numbers following the Cayley-Dickson construction."
optional = false
python-versions = ">=3.6"
groups = ["main"]
files = [
    {file = "hypercomplex-0.3.4-py3-none-any.whl", hash = "sha256:2a8c9211c9dba456dc13c99a654cce4b9ba01434ee3b03c04fa7613f9c540f88"},
    {file = "hypercomplex-0.3.4.tar.gz", hash = "sha256:04241e5d01b3f10e813c70882a2caa9b7dc168f8b921d47156c3d964363f9352"},
]

[package.dependencies]
mathdunders = ">=0.4.1"

[[package]]
name = "iniconfig"
version = "2.1.0"
description = "brain-dead simple config-ini parsing"
optional = false
python-versions = ">=3.8"
groups = ["dev"]
files = [
    {file = "iniconfig-2.1.0-py3-none-any.whl", hash = "sha256:9deba5723312380e77435581c6bf4935c94cbfab9b1ed33ef8d238ea168eb760"},
    {file = "iniconfig-2.1.0.tar.gz", hash = "sha256:3abbd2e30b36733fee78f9c7f7308f2d0050e88f0087fd25c2645f63c773e1c7"},
]

[[package]]
name = "mathdunders"
version = "0.4.2"
description = "Decorator that automatically adds math dunders to a class."
optional = false
python-versions = "*"
groups = ["main"]
files = [
    {file = "mathdunders-0.4.2-py3-none-any.whl", hash = "sha256:33ea76be2883e3ca7512972906dedc2930356ba1e0b5458f906e9fd5b839db5b"},
    {file = "mathdunders-0.4.2.tar.gz", hash = "sha256:ff9b624725fafd34c51decbe3e661eb91b79bbd3841ab04d2256704df0845ce5"},
]

[[package]]
name = "numpy"
version = "2.3.3"
description = "Fundamental package for array computing in Python"
optional = false
python-versions = ">=3.11"
groups = ["main"]
files = [
    {file = "numpy-2.3.3-cp311-cp311-macosx_10_9_x86_64.whl", hash = "sha256:0ffc4f5caba7dfcbe944ed674b7eef683c7e94874046454bb79ed7ee0236f59d"},
    {file = "numpy-2.3.3-cp311-cp311-macosx_11_0_arm64.whl", hash = "sha256:e7e946c7170858a0295f79a60214424caac2ffdb0063d4d79cb681f9aa0aa569"},
    {file = "numpy-2.3.3-cp311-cp311-macosx_14_0_arm64.whl", hash = "sha256:cd4260f64bc794c3390a63bf0728220dd1a68170c169088a1e0dfa2fde1be12f"},
    {file = "numpy-2.3.3-cp311-cp311-macosx_14_0_x86_64.whl", hash = "sha256:f0ddb4b96a87b6728df9362135e764eac3cfa674499943ebc44ce96c478ab125"},
    {file = "numpy-2.3.3-cp311-cp311-manylinux_2_27_aarch64.manylinux_2_28_aarch64.whl", hash = "sha256:afd07d377f478344ec6ca2b8d4ca08ae8bd44706763d1efb56397de606393f48"},
    {file = "numpy-2.3.3-cp311-cp311-manylinux_2_27_x86_64.manylinux_2_28_x86_64.whl", hash = "sha256:bc92a5dedcc53857249ca51ef29f5e5f2f8c513e22cfb90faeb20343b8c6f7a6"},
    {file = "numpy-2.3.3-cp311-cp311-musllinux_1_2_aarch64.whl", hash = "sha256:7af05ed4dc19f308e1d9fc759f36f21921eb7bbfc82843eeec6b2a2863a0aefa"},
    {file = "numpy-2.3.3-cp311-cp311-musllinux_1_2_x86_64.whl", hash = "sha256:433bf137e338677cebdd5beac0199ac84712ad9d630b74eceeb759eaa45ddf30"},
    {file = "numpy-2.3.3-cp311-cp311-win32.whl", hash = "sha256:eb63d443d7b4ffd1e873f8155260d7f58e7e4b095961b01c91062935c2491e57"},
    {file = "numpy-2.3.3-cp311-cp311-win_amd64.whl", hash = "sha256:ec9d249840f6a565f58d8f913bccac2444235025bbb13e9a4681783572ee3caa"},
    {file = "numpy-2.3.3-cp311-cp311-win_arm64.whl", hash = "sha256:74c2a948d02f88c11a3c075d9733f1ae67d97c6bdb97f2bb542f980458b257e7"},
    {file = "numpy-2.3.3-cp312-cp312-macosx_10_13_x86_64.whl", hash = "sha256:cfdd09f9c84a1a934cde1eec2267f0a43a7cd44b2cca4ff95b7c0d14d144b0bf"},
    {file = "numpy-2.3.3-cp312-cp312-macosx_11_0_arm64.whl", hash = "sha256:cb32e3cf0f762aee47ad1ddc6672988f7f27045b0783c887190545baba73aa25"},
    {file = "numpy-2.3.3-cp312-cp312-macosx_14_0_arm64.whl", hash = "sha256:396b254daeb0a57b1fe0ecb5e3cff6fa79a380fa97c8f7781a6d08cd429418fe"},
    {file = "numpy-2.3.3-cp312-cp312-macosx_14_0_x86_64.whl", hash = "sha256:067e3d7159a5d8f8a0b46ee11148fc35ca9b21f61e3c49fbd0a027450e65a33b"},
    {file = "numpy-2.3.3-cp312-cp312-manylinux_2_27_aarch64.manylinux_2_28_aarch64.whl", hash = "sha256:1c02d0629d25d426585fb2e45a66154081b9fa677bc92a881ff1d216bc9919a8"},
    {file = "numpy-2.3.3-cp312-cp312-manylinux_2_27_x86_64.manylinux_2_28_x86_64.whl", hash = "sha256:d9192da52b9745f7f0766531dcfa978b7763916f158bb63bdb8a1eca0068ab20"},
    {file = "numpy-2.3.3-cp312-cp312-musllinux_1_2_aarch64.whl", hash = "sha256:cd7de500a5b66319db419dc3c345244404a164beae0d0937283b907d8152e6ea"},
    {file = "numpy-2.3.3-cp312-cp312-musllinux_1_2_x86_64.whl", hash = "sha256:93d4962d8f82af58f0b2eb85daaf1b3ca23fe0a85d0be8f1f2b7bb46034e56d7"},
    {file = "numpy-2.3.3-cp312-cp312-win32.whl", hash = "sha256:5534ed6b92f9b7dca6c0a19d6df12d41c68b991cef051d108f6dbff3babc4ebf"},
    {file = "numpy-2.3.3-cp312-cp312-win_amd64.whl", hash = "sha256:497d7cad08e7092dba36e3d296fe4c97708c93daf26643a1ae4b03f6294d30eb"},
    {file = "numpy-2.3.3-cp312-cp312-win_arm64.whl", hash = "sha256:ca0309a18d4dfea6fc6262a66d06c26cfe4640c3926ceec90e57791a82b6eee5"},
    {file = "numpy-2.3.3-cp313-cp313-macosx_10_13_x86_64.whl", hash = "sha256:f5415fb78995644253370985342cd03572ef8620b934da27d77377a2285955bf"},
    {file = "numpy-2.3.3-cp313-cp313-macosx_11_0_arm64.whl", hash = "sha256:d00de139a3324e26ed5b95870ce63be7ec7352171bc69a4cf1f157a48e3eb6b7"},
    {file = "numpy-2.3.3-cp313-cp313-macosx_14_0_arm64.whl", hash = "sha256:9dc13c6a5829610cc07422bc74d3ac083bd8323f14e2827d992f9e52e22cd6a6"},
    {file = "numpy-2.3.3-cp313-cp313-macosx_14_0_x86_64.whl", hash = "sha256:d79715d95f1894771eb4e60fb23f065663b2298f7d22945d66877aadf33d00c7"},
    {file = "numpy-2.3.3-cp313-cp313-manylinux_2_27_aarch64.manylinux_2_28_aarch64.whl", hash = "sha256:952cfd0748514ea7c3afc729a0fc639e61655ce4c55ab9acfab14bda4f402b4c"},
    {file = "numpy-2.3.3-cp313-cp313-manylinux_2_27_x86_64.manylinux_2_28_x86_64.whl", hash = "sha256:5b83648633d46f77039c29078751f80da65aa64d5622a3cd62aaef9d835b6c93"},
    {file = "numpy-2.3.3-cp313-cp313-musllinux_1_2_aarch64.whl", hash = "sha256:b001bae8cea1c7dfdb2ae2b017ed0a6f2102d7a70059df1e338e307a4c78a8ae"},
    {file = "numpy-2.3.3-cp313-cp313-musllinux_1_2_x86_64.whl", hash = "sha256:8e9aced64054739037d42fb84c54dd38b81ee238816c948c8f3ed134665dcd86"},
    {file = "numpy-2.3.3-cp313-cp313-win32.whl", hash = "sha256:9591e1221db3f37751e6442850429b3aabf7026d3b05542d102944ca7f00c8a8"},
    {file = "numpy-2.3.3-cp313-cp313-win_amd64.whl", hash = "sha256:f0dadeb302887f07431910f67a14d57209ed91130be0adea2f9793f1a4f817cf"},
    {file = "numpy-2.3.3-cp313-cp313-win_arm64.whl", hash = "sha256:3c7cf302ac6e0b76a64c4aecf1a09e51abd9b01fc7feee80f6c43e3ab1b1dbc5"},
    {file = "numpy-2.3.3-cp313-cp313t-macosx_10_13_x86_64.whl", hash = "sha256:eda59e44957d272846bb407aad19f89dc6f58fecf3504bd144f4c5cf81a7eacc"},
    {file = "numpy-2.3.3-cp313-cp313t-macosx_11_0_arm64.whl", hash = "sha256:823d04112bc85ef5c4fda73ba24e6096c8f869931405a80aa8b0e604510a26bc"},
    {file = "numpy-2.3.3-cp313-cp313t-macosx_14_0_arm64.whl", hash = "sha256:40051003e03db4041aa325da2a0971ba41cf65714e65d296397cc0e32de6018b"},
    {file = "numpy-2.3.3-cp313-cp313t-macosx_14_0_x86_64.whl", hash = "sha256:6ee9086235dd6ab7ae75aba5662f582a81ced49f0f1c6de4260a78d8f2d91a19"},
    {file = "numpy-2.3.3-cp313-cp313t-manylinux_2_27_aarch64.manylinux_2_28_aarch64.whl", hash = "sha256:94fcaa68757c3e2e668ddadeaa86ab05499a70725811e582b6a9858dd472fb30"},
    {file = "numpy-2.3.3-cp313-cp313t-manylinux_2_27_x86_64.manylinux_2_28_x86_64.whl", hash = "sha256:da1a74b90e7483d6ce5244053399a614b1d6b7bc30a60d2f570e5071f8959d3e"},
    {file = "numpy-2.3.3-cp313-cp313t-musllinux_1_2_aarch64.whl", hash = "sha256:2990adf06d1ecee3b3dcbb4977dfab6e9f09807598d647f04d385d29e7a3c3d3"},
    {file = "numpy-2.3.3-cp313-cp313t-musllinux_1_2_x86_64.whl", hash = "sha256:ed635ff692483b8e3f0fcaa8e7eb8a75ee71aa6d975388224f70821421800cea"},
    {file = "numpy-2.3.3-cp313-cp313t-win32.whl", hash = "sha256:a333b4ed33d8dc2b373cc955ca57babc00cd6f9009991d9edc5ddbc1bac36bcd"},
    {file = "numpy-2.3.3-cp313-cp313t-win_amd64.whl", hash = "sha256:4384a169c4d8f97195980815d6fcad04933a7e1ab3b530921c3fef7a1c63426d"},
    {file = "numpy-2.3.3-cp313-cp313t-win_arm64.whl", hash = "sha256:75370986cc0bc66f4ce5110ad35aae6d182cc4ce6433c40ad151f53690130bf1"},
    {file = "numpy-2.3.3-cp314-cp314-macosx_10_13_x86_64.whl", hash = "sha256:cd052f1fa6a78dee696b58a914b7229ecfa41f0a6d96dc663c1220a55e137593"},
    {file = "numpy-2.3.3-cp314-cp314-macosx_11_0_arm64.whl", hash = "sha256:414a97499480067d305fcac9716c29cf4d0d76db6ebf0bf3cbce666677f12652"},
    {file = "numpy-2.3.3-cp314-cp314-macosx_14_0_arm64.whl", hash = "sha256:50a5fe69f135f88a2be9b6ca0481a68a136f6febe1916e4920e12f1a34e708a7"},
    {file = "numpy-2.3.3-cp314-cp314-macosx_14_0_x86_64.whl", hash = "sha256:b912f2ed2b67a129e6a601e9d93d4fa37bef67e54cac442a2f588a54afe5c67a"},
    {file = "numpy-2.3.3-cp314-cp314-manylinux_2_27_aarch64.manylinux_2_28_aarch64.whl", hash = "sha256:9e318ee0596d76d4cb3d78535dc005fa60e5ea348cd131a51e99d0bdbe0b54fe"},
    {file = "numpy-2.3.3-cp314-cp314-manylinux_2_27_x86_64.manylinux_2_28_x86_64.whl", hash = "sha256:ce020080e4a52426202bdb6f7691c65bb55e49f261f31a8f506c9f6bc7450421"},
    {file = "numpy-2.3.3-cp314-cp314-musllinux_1_2_aarch64.whl", hash = "sha256:e6687dc183aa55dae4a705b35f9c0f8cb178bcaa2f029b241ac5356221d5c021"},
    {file = "numpy-2.3.3-cp314-cp314-musllinux_1_2_x86_64.whl", hash = "sha256:d8f3b1080782469fdc1718c4ed1d22549b5fb12af0d57d35e992158a772a37cf"},
    {file = "numpy-2.3.3-cp314-cp314-win32.whl", hash = "sha256:cb248499b0bc3be66ebd6578b83e5acacf1d6cb2a77f2248ce0e40fbec5a76d0"},
    {file = "numpy-2.3.3-cp314-cp314-win_amd64.whl", hash = "sha256:691808c2b26b0f002a032c73255d0bd89751425f379f7bcd22d140db593a96e8"},
    {file = "numpy-2.3.3-cp314-cp314-win_arm64.whl", hash = "sha256:9ad12e976ca7b10f1774b03615a2a4bab8addce37ecc77394d8e986927dc0dfe"},
    {file = "numpy-2.3.3-cp314-cp314t-macosx_10_13_x86_64.whl", hash = "sha256:9cc48e09feb11e1db00b320e9d30a4151f7369afb96bd0e48d942d09da3a0d00"},
    {file = "numpy-2.3.3-cp314-cp314t-macosx_11_0_arm64.whl", hash = "sha256:901bf6123879b7f251d3631967fd574690734236075082078e0571977c6a8e6a"},
    {file = "numpy-2.3.3-cp314-cp314t-macosx_14_0_arm64.whl", hash = "sha256:7f025652034199c301049296b59fa7d52c7e625017cae4c75d8662e377bf487d"},
    {file = "numpy-2.3.3-cp314-cp314t-macosx_14_0_x86_64.whl", hash = "sha256:533ca5f6d325c80b6007d4d7fb1984c303553534191024ec6a524a4c92a5935a"},
    {file = "numpy-2.3.3-cp314-cp314t-manylinux_2_27_aarch64.manylinux_2_28_aarch64.whl", hash = "sha256:0edd58682a399824633b66885d699d7de982800053acf20be1eaa46d92009c54"},
    {file = "numpy-2.3.3-cp314-cp314t-manylinux_2_27_x86_64.manylinux_2_28_x86_64.whl", hash = "sha256:367ad5d8fbec5d9296d18478804a530f1191e24ab4d75ab408346ae88045d25e"},
    {file = "numpy-2.3.3-cp314-cp314t-musllinux_1_2_aarch64.whl", hash = "sha256:8f6ac61a217437946a1fa48d24c47c91a0c4f725237871117dea264982128097"},
    {file = "numpy-2.3.3-cp314-cp314t-musllinux_1_2_x86_64.whl", hash = "sha256:179a42101b845a816d464b6fe9a845dfaf308fdfc7925387195570789bb2c970"},
    {file = "numpy-2.3.3-cp314-cp314t-win32.whl", hash = "sha256:1250c5d3d2562ec4174bce2e3a1523041595f9b651065e4a4473f5f48a6bc8a5"},
    {file = "numpy-2.3.3-cp314-cp314t-win_amd64.whl", hash = "sha256:b37a0b2e5935409daebe82c1e42274d30d9dd355852529eab91dab8dcca7419f"},
    {file = "numpy-2.3.3-cp314-cp314t-win_arm64.whl", hash = "sha256:78c9f6560dc7e6b3990e32df7ea1a50bbd0e2a111e05209963f5ddcab7073b0b"},
    {file = "numpy-2.3.3-pp311-pypy311_pp73-macosx_10_15_x86_64.whl", hash = "sha256:1e02c7159791cd481e1e6d5ddd766b62a4d5acf8df4d4d1afe35ee9c5c33a41e"},
    {file = "numpy-2.3.3-pp311-pypy311_pp73-macosx_11_0_arm64.whl", hash = "sha256:dca2d0fc80b3893ae72197b39f69d55a3cd8b17ea1b50aa4c62de82419936150"},
    {file = "numpy-2.3.3-pp311-pypy311_pp73-macosx_14_0_arm64.whl", hash = "sha256:99683cbe0658f8271b333a1b1b4bb3173750ad59c0c61f5bbdc5b318918fffe3"},
    {file = "numpy-2.3.3-pp311-pypy311_pp73-macosx_14_0_x86_64.whl", hash = "sha256:d9d537a39cc9de668e5cd0e25affb17aec17b577c6b3ae8a3d866b479fbe88d0"},
    {file = "numpy-2.3.3-pp311-pypy311_pp73-manylinux_2_27_aarch64.manylinux_2_28_aarch64.whl", hash = "sha256:8596ba2f8af5f93b01d97563832686d20206d303024777f6dfc2e7c7c3f1850e"},
    {file = "numpy-2.3.3-pp311-pypy311_pp73-manylinux_2_27_x86_64.manylinux_2_28_x86_64.whl", hash = "sha256:e1ec5615b05369925bd1125f27df33f3b6c8bc10d788d5999ecd8769a1fa04db"},
    {file = "numpy-2.3.3-pp311-pypy311_pp73-win_amd64.whl", hash = "sha256:2e267c7da5bf7309670523896df97f93f6e469fb931161f483cd6882b3b1a5dc"},
    {file = "numpy-2.3.3.tar.gz", hash = "sha256:ddc7c39727ba62b80dfdbedf400d1c10ddfa8eefbd7ec8dcb118be8b56d31029"},
]

[[package]]
name = "packaging"
version = "25.0"
description = "Core utilities for Python packages"
optional = false
python-versions = ">=3.8"
groups = ["dev"]
files = [
    {file = "packaging-25.0-py3-none-any.whl", hash = "sha256:29572ef2b1f17581046b3a2227d5c611fb25ec70ca1ba8554b24b0e69331a484"},
    {file = "packaging-25.0.tar.gz", hash = "sha256:d443872c98d677bf60f6a1f2f8c1cb748e8fe762d2bf9d3148b5599295b0fc4f"},
]

[[package]]
name = "pluggy"
version = "1.6.0"
description = "plugin and hook calling mechanisms for python"
optional = false
python-versions = ">=3.9"
groups = ["dev"]
files = [
    {file = "pluggy-1.6.0-py3-none-any.whl", hash = "sha256:e920276dd6813095e9377c0bc5566d94c932c33b27a3e3945d8389c374dd4746"},
    {file = "pluggy-1.6.0.tar.gz", hash = "sha256:7dcc130b76258d33b90f61b658791dede3486c3e6bfb003ee5c9bfb396dd22f3"},
]

[package.extras]
dev = ["pre-commit", "tox"]
testing = ["coverage", "pytest", "pytest-benchmark"]

[[package]]
name = "pygments"
version = "2.19.2"
description = "Pygments is a syntax highlighting package written in Python."
optional = false
python-versions = ">=3.8"
groups = ["dev"]
files = [
    {file = "pygments-2.19.2-py3-none-any.whl", hash = "sha256:86540386c03d588bb81d44bc3928634ff26449851e99741617ecb9037ee5ec0b"},
    {file = "pygments-2.19.2.tar.gz", hash = "sha256:636cb2477cec7f8952536970bc533bc43743542f70392ae026374600add5b887"},
]

[package.extras]
windows-terminal = ["colorama (>=0.4.6)"]

[[package]]
name = "pytest"
version = "8.4.2"
description = "pytest: simple powerful testing with Python"
optional = false
python-versions = ">=3.9"
groups = ["dev"]
files = [
    {file = "pytest-8.4.2-py3-none-any.whl", hash = "sha256:872f880de3fc3a5bdc88a11b39c9710c3497a547cfa9320bc3c5e62fbf272e79"},
    {file = "pytest-8.4.2.tar.gz", hash = "sha256:86c0d0b93306b961d58d62a4db4879f27fe25513d4b969df351abdddb3c30e01"},
]

[package.dependencies]
colorama = {version = ">=0.4", markers = "sys_platform == \"win32\""}
iniconfig = ">=1"
packaging = ">=20"
pluggy = ">=1.5,<2"
pygments = ">=2.7.2"

[package.extras]
dev = ["argcomplete", "attrs (>=19.2)", "hypothesis (>=3.56)", "mock", "requests", "setuptools", "xmlschema"]

[[package]]
name = "setuptools"
version = "80.9.0"
description = "Easily download, build, install, upgrade, and uninstall Python packages"
optional = false
python-versions = ">=3.9"
groups = ["build"]
files = [
    {file = "setuptools-80.9.0-py3-none-any.whl", hash = "sha256:062d34222ad13e0cc312a4c02d73f059e86a4acbfbdea8f8f76b28c99f306922"},
    {file = "setuptools-80.9.0.tar.gz", hash = "sha256:f36b47402ecde768dbfafc46e8e4207b4360c654f1f3bb84475f0a28628fb19c"},
]

[package.extras]
check = ["pytest-checkdocs (>=2.4)", "pytest-ruff (>=0.2.1) ; sys_platform != \"cygwin\"", "ruff (>=0.8.0) ; sys_platform != \"cygwin\""]
core = ["importlib_metadata (>=6) ; python_version < \"3.10\"", "jaraco.functools (>=4)", "jaraco.text (>=3.7)", "more_itertools", "more_itertools (>=8.8)", "packaging (>=24.2)", "platformdirs (>=4.2.2)", "tomli (>=2.0.1) ; python_version < \"3.11\"", "wheel (>=0.43.0)"]
cover = ["pytest-cov"]
doc = ["furo", "jaraco.packaging (>=9.3)", "jaraco.tidelift (>=1.4)", "pygments-github-lexers (==0.0.5)", "pyproject-hooks (!=1.1)", "rst.linker (>=1.9)", "sphinx (>=3.5)", "sphinx-favicon", "sphinx-inline-tabs", "sphinx-lint", "sphinx-notfound-page (>=1,<2)", "sphinx-reredirects", "sphinxcontrib-towncrier", "towncrier (<24.7)"]
enabler = ["pytest-enabler (>=2.2)"]
test = ["build[virtualenv] (>=1.0.3)", "filelock (>=3.4.0)", "ini2toml[lite] (>=0.14)", "jaraco.develop (>=7.21) ; python_version >= \"3.9\" and sys_platform != \"cygwin\"", "jaraco.envs (>=2.2)", "jaraco.path (>=3.7.2)", "jaraco.test (>=5.5)", "packaging (>=24.2)", "pip (>=19.1)", "pyproject-hooks (!=1.1)", "pytest (>=6,!=8.1.*)", "pytest-home (>=0.5)", "pytest-perf ; sys_platform != \"cygwin\"", "pytest-subprocess", "pytest-timeout", "pytest-xdist (>=3)", "tomli-w (>=1.0.0)", "virtualenv (>=13.0.0)", "wheel (>=0.44.0)"]
type = ["importlib_metadata (>=7.0.2) ; python_version < \"3.10\"", "jaraco.develop (>=7.21) ; sys_platform != \"cygwin\"", "mypy (==1.14.*)", "pytest-mypy"]

[metadata]
lock-version = "2.1"
python-versions = "^3.11"
content-hash = "d4de8c5726acb6895c4fdbb9659cab4c938b4f34ff8184ea09767b21b174a0be"
