# generated by rye
# use `rye lock` or `rye sync` to update this lockfile
#
# last locked with the following flags:
#   pre: false
#   features: []
#   all-features: false
#   with-sources: false
#   generate-hashes: false
#   universal: false

-e file:.
noise==1.2.2
    # via frost-forge
pillow==11.3.0
    # via frost-forge
pygame==2.6.1
    # via frost-forge
