{
  "name": "cat-experiments-typescript-example",
  "lockfileVersion": 3,
  "requires": true,
  "packages": {
    "": {
      "name": "cat-experiments-typescript-example",
      "dependencies": {
        "cat-experiments": "file:../../node/sdk"
      }
    },
    "../../node/sdk": {
      "name": "@artium-ai/cat-experiments",
      "version": "0.0.1",
      "license": "MIT",
      "dependencies": {
        "tsx": "^4.0.0"
      },
      "bin": {
        "cat-experiments": "dist/bin/cli.js",
        "cat-experiments-executor": "dist/bin/executor.js"
      },
      "devDependencies": {
        "@opentelemetry/api": "^1.9.0",
        "@opentelemetry/sdk-trace-base": "^1.30.0",
        "@opentelemetry/sdk-trace-node": "^1.30.0",
        "@types/node": "^20.0.0",
        "typescript": "^5.0.0",
        "vitest": "^2.0.0"
      },
      "engines": {
        "node": ">=18"
      },
      "optionalDependencies": {
        "@artium-ai/cat-experiments-darwin-arm64": "0.0.1",
        "@artium-ai/cat-experiments-darwin-x64": "0.0.1",
        "@artium-ai/cat-experiments-linux-arm64": "0.0.1",
        "@artium-ai/cat-experiments-linux-x64": "0.0.1",
        "@artium-ai/cat-experiments-win32-x64": "0.0.1"
      },
      "peerDependencies": {
        "@opentelemetry/api": "^1.9.0",
        "@opentelemetry/sdk-trace-base": "^1.30.0",
        "@opentelemetry/sdk-trace-node": "^1.30.0"
      },
      "peerDependenciesMeta": {
        "@opentelemetry/api": {
          "optional": true
        },
        "@opentelemetry/sdk-trace-base": {
          "optional": true
        },
        "@opentelemetry/sdk-trace-node": {
          "optional": true
        }
      }
    },
    "node_modules/cat-experiments": {
      "resolved": "../../node/sdk",
      "link": true
    }
  }
}
