version = 1
revision = 3
requires-python = ">=3.9"

[[package]]
name = "examples"
version = "0.1.0"
source = { virtual = "." }
dependencies = [
    { name = "polars" },
    { name = "polars-genson" },
    { name = "psutil" },
]

[package.metadata]
requires-dist = [
    { name = "polars", specifier = ">=1.36.0" },
    { name = "polars-genson", specifier = ">=0.7.0" },
    { name = "psutil", specifier = ">=7.1.0" },
]

[[package]]
name = "orjson"
version = "3.11.3"
source = { registry = "https://pypi.org/simple" }
sdist = { url = "https://files.pythonhosted.org/packages/be/4d/8df5f83256a809c22c4d6792ce8d43bb503be0fb7a8e4da9025754b09658/orjson-3.11.3.tar.gz", hash = "sha256:1c0603b1d2ffcd43a411d64797a19556ef76958aef1c182f22dc30860152a98a", size = 5482394, upload-time = "2025-08-26T17:46:43.171Z" }
wheels = [
    { url = "https://files.pythonhosted.org/packages/9b/64/4a3cef001c6cd9c64256348d4c13a7b09b857e3e1cbb5185917df67d8ced/orjson-3.11.3-cp310-cp310-macosx_10_15_x86_64.macosx_11_0_arm64.macosx_10_15_universal2.whl", hash = "sha256:29cb1f1b008d936803e2da3d7cba726fc47232c45df531b29edf0b232dd737e7", size = 238600, upload-time = "2025-08-26T17:44:36.875Z" },
    { url = "https://files.pythonhosted.org/packages/10/ce/0c8c87f54f79d051485903dc46226c4d3220b691a151769156054df4562b/orjson-3.11.3-cp310-cp310-manylinux_2_17_aarch64.manylinux2014_aarch64.whl", hash = "sha256:97dceed87ed9139884a55db8722428e27bd8452817fbf1869c58b49fecab1120", size = 123526, upload-time = "2025-08-26T17:44:39.574Z" },
    { url = "https://files.pythonhosted.org/packages/ef/d0/249497e861f2d438f45b3ab7b7b361484237414945169aa285608f9f7019/orjson-3.11.3-cp310-cp310-manylinux_2_17_armv7l.manylinux2014_armv7l.whl", hash = "sha256:58533f9e8266cb0ac298e259ed7b4d42ed3fa0b78ce76860626164de49e0d467", size = 128075, upload-time = "2025-08-26T17:44:40.672Z" },
    { url = "https://files.pythonhosted.org/packages/e5/64/00485702f640a0fd56144042a1ea196469f4a3ae93681871564bf74fa996/orjson-3.11.3-cp310-cp310-manylinux_2_17_i686.manylinux2014_i686.whl", hash = "sha256:0c212cfdd90512fe722fa9bd620de4d46cda691415be86b2e02243242ae81873", size = 130483, upload-time = "2025-08-26T17:44:41.788Z" },
    { url = "https://files.pythonhosted.org/packages/64/81/110d68dba3909171bf3f05619ad0cf187b430e64045ae4e0aa7ccfe25b15/orjson-3.11.3-cp310-cp310-manylinux_2_17_ppc64le.manylinux2014_ppc64le.whl", hash = "sha256:5ff835b5d3e67d9207343effb03760c00335f8b5285bfceefd4dc967b0e48f6a", size = 132539, upload-time = "2025-08-26T17:44:43.12Z" },
    { url = "https://files.pythonhosted.org/packages/79/92/dba25c22b0ddfafa1e6516a780a00abac28d49f49e7202eb433a53c3e94e/orjson-3.11.3-cp310-cp310-manylinux_2_17_s390x.manylinux2014_s390x.whl", hash = "sha256:f5aa4682912a450c2db89cbd92d356fef47e115dffba07992555542f344d301b", size = 135390, upload-time = "2025-08-26T17:44:44.199Z" },
    { url = "https://files.pythonhosted.org/packages/44/1d/ca2230fd55edbd87b58a43a19032d63a4b180389a97520cc62c535b726f9/orjson-3.11.3-cp310-cp310-manylinux_2_17_x86_64.manylinux2014_x86_64.whl", hash = "sha256:d7d18dd34ea2e860553a579df02041845dee0af8985dff7f8661306f95504ddf", size = 132966, upload-time = "2025-08-26T17:44:45.719Z" },
    { url = "https://files.pythonhosted.org/packages/6e/b9/96bbc8ed3e47e52b487d504bd6861798977445fbc410da6e87e302dc632d/orjson-3.11.3-cp310-cp310-musllinux_1_2_aarch64.whl", hash = "sha256:d8b11701bc43be92ea42bd454910437b355dfb63696c06fe953ffb40b5f763b4", size = 131349, upload-time = "2025-08-26T17:44:46.862Z" },
    { url = "https://files.pythonhosted.org/packages/c4/3c/418fbd93d94b0df71cddf96b7fe5894d64a5d890b453ac365120daec30f7/orjson-3.11.3-cp310-cp310-musllinux_1_2_armv7l.whl", hash = "sha256:90368277087d4af32d38bd55f9da2ff466d25325bf6167c8f382d8ee40cb2bbc", size = 404087, upload-time = "2025-08-26T17:44:48.079Z" },
    { url = "https://files.pythonhosted.org/packages/5b/a9/2bfd58817d736c2f63608dec0c34857339d423eeed30099b126562822191/orjson-3.11.3-cp310-cp310-musllinux_1_2_i686.whl", hash = "sha256:fd7ff459fb393358d3a155d25b275c60b07a2c83dcd7ea962b1923f5a1134569", size = 146067, upload-time = "2025-08-26T17:44:49.302Z" },
    { url = "https://files.pythonhosted.org/packages/33/ba/29023771f334096f564e48d82ed855a0ed3320389d6748a9c949e25be734/orjson-3.11.3-cp310-cp310-musllinux_1_2_x86_64.whl", hash = "sha256:f8d902867b699bcd09c176a280b1acdab57f924489033e53d0afe79817da37e6", size = 135506, upload-time = "2025-08-26T17:44:50.558Z" },
    { url = "https://files.pythonhosted.org/packages/39/62/b5a1eca83f54cb3aa11a9645b8a22f08d97dbd13f27f83aae7c6666a0a05/orjson-3.11.3-cp310-cp310-win32.whl", hash = "sha256:bb93562146120bb51e6b154962d3dadc678ed0fce96513fa6bc06599bb6f6edc", size = 136352, upload-time = "2025-08-26T17:44:51.698Z" },
    { url = "https://files.pythonhosted.org/packages/e3/c0/7ebfaa327d9a9ed982adc0d9420dbce9a3fec45b60ab32c6308f731333fa/orjson-3.11.3-cp310-cp310-win_amd64.whl", hash = "sha256:976c6f1975032cc327161c65d4194c549f2589d88b105a5e3499429a54479770", size = 131539, upload-time = "2025-08-26T17:44:52.974Z" },
    { url = "https://files.pythonhosted.org/packages/cd/8b/360674cd817faef32e49276187922a946468579fcaf37afdfb6c07046e92/orjson-3.11.3-cp311-cp311-macosx_10_15_x86_64.macosx_11_0_arm64.macosx_10_15_universal2.whl", hash = "sha256:9d2ae0cc6aeb669633e0124531f342a17d8e97ea999e42f12a5ad4adaa304c5f", size = 238238, upload-time = "2025-08-26T17:44:54.214Z" },
    { url = "https://files.pythonhosted.org/packages/05/3d/5fa9ea4b34c1a13be7d9046ba98d06e6feb1d8853718992954ab59d16625/orjson-3.11.3-cp311-cp311-macosx_15_0_arm64.whl", hash = "sha256:ba21dbb2493e9c653eaffdc38819b004b7b1b246fb77bfc93dc016fe664eac91", size = 127713, upload-time = "2025-08-26T17:44:55.596Z" },
    { url = "https://files.pythonhosted.org/packages/e5/5f/e18367823925e00b1feec867ff5f040055892fc474bf5f7875649ecfa586/orjson-3.11.3-cp311-cp311-manylinux_2_17_aarch64.manylinux2014_aarch64.whl", hash = "sha256:00f1a271e56d511d1569937c0447d7dce5a99a33ea0dec76673706360a051904", size = 123241, upload-time = "2025-08-26T17:44:57.185Z" },
    { url = "https://files.pythonhosted.org/packages/0f/bd/3c66b91c4564759cf9f473251ac1650e446c7ba92a7c0f9f56ed54f9f0e6/orjson-3.11.3-cp311-cp311-manylinux_2_17_armv7l.manylinux2014_armv7l.whl", hash = "sha256:b67e71e47caa6680d1b6f075a396d04fa6ca8ca09aafb428731da9b3ea32a5a6", size = 127895, upload-time = "2025-08-26T17:44:58.349Z" },
    { url = "https://files.pythonhosted.org/packages/82/b5/dc8dcd609db4766e2967a85f63296c59d4722b39503e5b0bf7fd340d387f/orjson-3.11.3-cp311-cp311-manylinux_2_17_i686.manylinux2014_i686.whl", hash = "sha256:d7d012ebddffcce8c85734a6d9e5f08180cd3857c5f5a3ac70185b43775d043d", size = 130303, upload-time = "2025-08-26T17:44:59.491Z" },
    { url = "https://files.pythonhosted.org/packages/48/c2/d58ec5fd1270b2aa44c862171891adc2e1241bd7dab26c8f46eb97c6c6f1/orjson-3.11.3-cp311-cp311-manylinux_2_17_ppc64le.manylinux2014_ppc64le.whl", hash = "sha256:dd759f75d6b8d1b62012b7f5ef9461d03c804f94d539a5515b454ba3a6588038", size = 132366, upload-time = "2025-08-26T17:45:00.654Z" },
    { url = "https://files.pythonhosted.org/packages/73/87/0ef7e22eb8dd1ef940bfe3b9e441db519e692d62ed1aae365406a16d23d0/orjson-3.11.3-cp311-cp311-manylinux_2_17_s390x.manylinux2014_s390x.whl", hash = "sha256:6890ace0809627b0dff19cfad92d69d0fa3f089d3e359a2a532507bb6ba34efb", size = 135180, upload-time = "2025-08-26T17:45:02.424Z" },
    { url = "https://files.pythonhosted.org/packages/bb/6a/e5bf7b70883f374710ad74faf99bacfc4b5b5a7797c1d5e130350e0e28a3/orjson-3.11.3-cp311-cp311-manylinux_2_17_x86_64.manylinux2014_x86_64.whl", hash = "sha256:f9d4a5e041ae435b815e568537755773d05dac031fee6a57b4ba70897a44d9d2", size = 132741, upload-time = "2025-08-26T17:45:03.663Z" },
    { url = "https://files.pythonhosted.org/packages/bd/0c/4577fd860b6386ffaa56440e792af01c7882b56d2766f55384b5b0e9d39b/orjson-3.11.3-cp311-cp311-musllinux_1_2_aarch64.whl", hash = "sha256:2d68bf97a771836687107abfca089743885fb664b90138d8761cce61d5625d55", size = 131104, upload-time = "2025-08-26T17:45:04.939Z" },
    { url = "https://files.pythonhosted.org/packages/66/4b/83e92b2d67e86d1c33f2ea9411742a714a26de63641b082bdbf3d8e481af/orjson-3.11.3-cp311-cp311-musllinux_1_2_armv7l.whl", hash = "sha256:bfc27516ec46f4520b18ef645864cee168d2a027dbf32c5537cb1f3e3c22dac1", size = 403887, upload-time = "2025-08-26T17:45:06.228Z" },
    { url = "https://files.pythonhosted.org/packages/6d/e5/9eea6a14e9b5ceb4a271a1fd2e1dec5f2f686755c0fab6673dc6ff3433f4/orjson-3.11.3-cp311-cp311-musllinux_1_2_i686.whl", hash = "sha256:f66b001332a017d7945e177e282a40b6997056394e3ed7ddb41fb1813b83e824", size = 145855, upload-time = "2025-08-26T17:45:08.338Z" },
    { url = "https://files.pythonhosted.org/packages/45/78/8d4f5ad0c80ba9bf8ac4d0fc71f93a7d0dc0844989e645e2074af376c307/orjson-3.11.3-cp311-cp311-musllinux_1_2_x86_64.whl", hash = "sha256:212e67806525d2561efbfe9e799633b17eb668b8964abed6b5319b2f1cfbae1f", size = 135361, upload-time = "2025-08-26T17:45:09.625Z" },
    { url = "https://files.pythonhosted.org/packages/0b/5f/16386970370178d7a9b438517ea3d704efcf163d286422bae3b37b88dbb5/orjson-3.11.3-cp311-cp311-win32.whl", hash = "sha256:6e8e0c3b85575a32f2ffa59de455f85ce002b8bdc0662d6b9c2ed6d80ab5d204", size = 136190, upload-time = "2025-08-26T17:45:10.962Z" },
    { url = "https://files.pythonhosted.org/packages/09/60/db16c6f7a41dd8ac9fb651f66701ff2aeb499ad9ebc15853a26c7c152448/orjson-3.11.3-cp311-cp311-win_amd64.whl", hash = "sha256:6be2f1b5d3dc99a5ce5ce162fc741c22ba9f3443d3dd586e6a1211b7bc87bc7b", size = 131389, upload-time = "2025-08-26T17:45:12.285Z" },
    { url = "https://files.pythonhosted.org/packages/3e/2a/bb811ad336667041dea9b8565c7c9faf2f59b47eb5ab680315eea612ef2e/orjson-3.11.3-cp311-cp311-win_arm64.whl", hash = "sha256:fafb1a99d740523d964b15c8db4eabbfc86ff29f84898262bf6e3e4c9e97e43e", size = 126120, upload-time = "2025-08-26T17:45:13.515Z" },
    { url = "https://files.pythonhosted.org/packages/3d/b0/a7edab2a00cdcb2688e1c943401cb3236323e7bfd2839815c6131a3742f4/orjson-3.11.3-cp312-cp312-macosx_10_15_x86_64.macosx_11_0_arm64.macosx_10_15_universal2.whl", hash = "sha256:8c752089db84333e36d754c4baf19c0e1437012242048439c7e80eb0e6426e3b", size = 238259, upload-time = "2025-08-26T17:45:15.093Z" },
    { url = "https://files.pythonhosted.org/packages/e1/c6/ff4865a9cc398a07a83342713b5932e4dc3cb4bf4bc04e8f83dedfc0d736/orjson-3.11.3-cp312-cp312-macosx_15_0_arm64.whl", hash = "sha256:9b8761b6cf04a856eb544acdd82fc594b978f12ac3602d6374a7edb9d86fd2c2", size = 127633, upload-time = "2025-08-26T17:45:16.417Z" },
    { url = "https://files.pythonhosted.org/packages/6e/e6/e00bea2d9472f44fe8794f523e548ce0ad51eb9693cf538a753a27b8bda4/orjson-3.11.3-cp312-cp312-manylinux_2_17_aarch64.manylinux2014_aarch64.whl", hash = "sha256:8b13974dc8ac6ba22feaa867fc19135a3e01a134b4f7c9c28162fed4d615008a", size = 123061, upload-time = "2025-08-26T17:45:17.673Z" },
    { url = "https://files.pythonhosted.org/packages/54/31/9fbb78b8e1eb3ac605467cb846e1c08d0588506028b37f4ee21f978a51d4/orjson-3.11.3-cp312-cp312-manylinux_2_17_armv7l.manylinux2014_armv7l.whl", hash = "sha256:f83abab5bacb76d9c821fd5c07728ff224ed0e52d7a71b7b3de822f3df04e15c", size = 127956, upload-time = "2025-08-26T17:45:19.172Z" },
    { url = "https://files.pythonhosted.org/packages/36/88/b0604c22af1eed9f98d709a96302006915cfd724a7ebd27d6dd11c22d80b/orjson-3.11.3-cp312-cp312-manylinux_2_17_i686.manylinux2014_i686.whl", hash = "sha256:e6fbaf48a744b94091a56c62897b27c31ee2da93d826aa5b207131a1e13d4064", size = 130790, upload-time = "2025-08-26T17:45:20.586Z" },
    { url = "https://files.pythonhosted.org/packages/0e/9d/1c1238ae9fffbfed51ba1e507731b3faaf6b846126a47e9649222b0fd06f/orjson-3.11.3-cp312-cp312-manylinux_2_17_ppc64le.manylinux2014_ppc64le.whl", hash = "sha256:bc779b4f4bba2847d0d2940081a7b6f7b5877e05408ffbb74fa1faf4a136c424", size = 132385, upload-time = "2025-08-26T17:45:22.036Z" },
    { url = "https://files.pythonhosted.org/packages/a3/b5/c06f1b090a1c875f337e21dd71943bc9d84087f7cdf8c6e9086902c34e42/orjson-3.11.3-cp312-cp312-manylinux_2_17_s390x.manylinux2014_s390x.whl", hash = "sha256:bd4b909ce4c50faa2192da6bb684d9848d4510b736b0611b6ab4020ea6fd2d23", size = 135305, upload-time = "2025-08-26T17:45:23.4Z" },
    { url = "https://files.pythonhosted.org/packages/a0/26/5f028c7d81ad2ebbf84414ba6d6c9cac03f22f5cd0d01eb40fb2d6a06b07/orjson-3.11.3-cp312-cp312-manylinux_2_17_x86_64.manylinux2014_x86_64.whl", hash = "sha256:524b765ad888dc5518bbce12c77c2e83dee1ed6b0992c1790cc5fb49bb4b6667", size = 132875, upload-time = "2025-08-26T17:45:25.182Z" },
    { url = "https://files.pythonhosted.org/packages/fe/d4/b8df70d9cfb56e385bf39b4e915298f9ae6c61454c8154a0f5fd7efcd42e/orjson-3.11.3-cp312-cp312-musllinux_1_2_aarch64.whl", hash = "sha256:84fd82870b97ae3cdcea9d8746e592b6d40e1e4d4527835fc520c588d2ded04f", size = 130940, upload-time = "2025-08-26T17:45:27.209Z" },
    { url = "https://files.pythonhosted.org/packages/da/5e/afe6a052ebc1a4741c792dd96e9f65bf3939d2094e8b356503b68d48f9f5/orjson-3.11.3-cp312-cp312-musllinux_1_2_armv7l.whl", hash = "sha256:fbecb9709111be913ae6879b07bafd4b0785b44c1eb5cac8ac76da048b3885a1", size = 403852, upload-time = "2025-08-26T17:45:28.478Z" },
    { url = "https://files.pythonhosted.org/packages/f8/90/7bbabafeb2ce65915e9247f14a56b29c9334003536009ef5b122783fe67e/orjson-3.11.3-cp312-cp312-musllinux_1_2_i686.whl", hash = "sha256:9dba358d55aee552bd868de348f4736ca5a4086d9a62e2bfbbeeb5629fe8b0cc", size = 146293, upload-time = "2025-08-26T17:45:29.86Z" },
    { url = "https://files.pythonhosted.org/packages/27/b3/2d703946447da8b093350570644a663df69448c9d9330e5f1d9cce997f20/orjson-3.11.3-cp312-cp312-musllinux_1_2_x86_64.whl", hash = "sha256:eabcf2e84f1d7105f84580e03012270c7e97ecb1fb1618bda395061b2a84a049", size = 135470, upload-time = "2025-08-26T17:45:31.243Z" },
    { url = "https://files.pythonhosted.org/packages/38/70/b14dcfae7aff0e379b0119c8a812f8396678919c431efccc8e8a0263e4d9/orjson-3.11.3-cp312-cp312-win32.whl", hash = "sha256:3782d2c60b8116772aea8d9b7905221437fdf53e7277282e8d8b07c220f96cca", size = 136248, upload-time = "2025-08-26T17:45:32.567Z" },
    { url = "https://files.pythonhosted.org/packages/35/b8/9e3127d65de7fff243f7f3e53f59a531bf6bb295ebe5db024c2503cc0726/orjson-3.11.3-cp312-cp312-win_amd64.whl", hash = "sha256:79b44319268af2eaa3e315b92298de9a0067ade6e6003ddaef72f8e0bedb94f1", size = 131437, upload-time = "2025-08-26T17:45:34.949Z" },
    { url = "https://files.pythonhosted.org/packages/51/92/a946e737d4d8a7fd84a606aba96220043dcc7d6988b9e7551f7f6d5ba5ad/orjson-3.11.3-cp312-cp312-win_arm64.whl", hash = "sha256:0e92a4e83341ef79d835ca21b8bd13e27c859e4e9e4d7b63defc6e58462a3710", size = 125978, upload-time = "2025-08-26T17:45:36.422Z" },
    { url = "https://files.pythonhosted.org/packages/fc/79/8932b27293ad35919571f77cb3693b5906cf14f206ef17546052a241fdf6/orjson-3.11.3-cp313-cp313-macosx_10_15_x86_64.macosx_11_0_arm64.macosx_10_15_universal2.whl", hash = "sha256:af40c6612fd2a4b00de648aa26d18186cd1322330bd3a3cc52f87c699e995810", size = 238127, upload-time = "2025-08-26T17:45:38.146Z" },
    { url = "https://files.pythonhosted.org/packages/1c/82/cb93cd8cf132cd7643b30b6c5a56a26c4e780c7a145db6f83de977b540ce/orjson-3.11.3-cp313-cp313-macosx_15_0_arm64.whl", hash = "sha256:9f1587f26c235894c09e8b5b7636a38091a9e6e7fe4531937534749c04face43", size = 127494, upload-time = "2025-08-26T17:45:39.57Z" },
    { url = "https://files.pythonhosted.org/packages/a4/b8/2d9eb181a9b6bb71463a78882bcac1027fd29cf62c38a40cc02fc11d3495/orjson-3.11.3-cp313-cp313-manylinux_2_17_aarch64.manylinux2014_aarch64.whl", hash = "sha256:61dcdad16da5bb486d7227a37a2e789c429397793a6955227cedbd7252eb5a27", size = 123017, upload-time = "2025-08-26T17:45:40.876Z" },
    { url = "https://files.pythonhosted.org/packages/b4/14/a0e971e72d03b509190232356d54c0f34507a05050bd026b8db2bf2c192c/orjson-3.11.3-cp313-cp313-manylinux_2_17_armv7l.manylinux2014_armv7l.whl", hash = "sha256:11c6d71478e2cbea0a709e8a06365fa63da81da6498a53e4c4f065881d21ae8f", size = 127898, upload-time = "2025-08-26T17:45:42.188Z" },
    { url = "https://files.pythonhosted.org/packages/8e/af/dc74536722b03d65e17042cc30ae586161093e5b1f29bccda24765a6ae47/orjson-3.11.3-cp313-cp313-manylinux_2_17_i686.manylinux2014_i686.whl", hash = "sha256:ff94112e0098470b665cb0ed06efb187154b63649403b8d5e9aedeb482b4548c", size = 130742, upload-time = "2025-08-26T17:45:43.511Z" },
    { url = "https://files.pythonhosted.org/packages/62/e6/7a3b63b6677bce089fe939353cda24a7679825c43a24e49f757805fc0d8a/orjson-3.11.3-cp313-cp313-manylinux_2_17_ppc64le.manylinux2014_ppc64le.whl", hash = "sha256:ae8b756575aaa2a855a75192f356bbda11a89169830e1439cfb1a3e1a6dde7be", size = 132377, upload-time = "2025-08-26T17:45:45.525Z" },
    { url = "https://files.pythonhosted.org/packages/fc/cd/ce2ab93e2e7eaf518f0fd15e3068b8c43216c8a44ed82ac2b79ce5cef72d/orjson-3.11.3-cp313-cp313-manylinux_2_17_s390x.manylinux2014_s390x.whl", hash = "sha256:c9416cc19a349c167ef76135b2fe40d03cea93680428efee8771f3e9fb66079d", size = 135313, upload-time = "2025-08-26T17:45:46.821Z" },
    { url = "https://files.pythonhosted.org/packages/d0/b4/f98355eff0bd1a38454209bbc73372ce351ba29933cb3e2eba16c04b9448/orjson-3.11.3-cp313-cp313-manylinux_2_17_x86_64.manylinux2014_x86_64.whl", hash = "sha256:b822caf5b9752bc6f246eb08124c3d12bf2175b66ab74bac2ef3bbf9221ce1b2", size = 132908, upload-time = "2025-08-26T17:45:48.126Z" },
    { url = "https://files.pythonhosted.org/packages/eb/92/8f5182d7bc2a1bed46ed960b61a39af8389f0ad476120cd99e67182bfb6d/orjson-3.11.3-cp313-cp313-musllinux_1_2_aarch64.whl", hash = "sha256:414f71e3bdd5573893bf5ecdf35c32b213ed20aa15536fe2f588f946c318824f", size = 130905, upload-time = "2025-08-26T17:45:49.414Z" },
    { url = "https://files.pythonhosted.org/packages/1a/60/c41ca753ce9ffe3d0f67b9b4c093bdd6e5fdb1bc53064f992f66bb99954d/orjson-3.11.3-cp313-cp313-musllinux_1_2_armv7l.whl", hash = "sha256:828e3149ad8815dc14468f36ab2a4b819237c155ee1370341b91ea4c8672d2ee", size = 403812, upload-time = "2025-08-26T17:45:51.085Z" },
    { url = "https://files.pythonhosted.org/packages/dd/13/e4a4f16d71ce1868860db59092e78782c67082a8f1dc06a3788aef2b41bc/orjson-3.11.3-cp313-cp313-musllinux_1_2_i686.whl", hash = "sha256:ac9e05f25627ffc714c21f8dfe3a579445a5c392a9c8ae7ba1d0e9fb5333f56e", size = 146277, upload-time = "2025-08-26T17:45:52.851Z" },
    { url = "https://files.pythonhosted.org/packages/8d/8b/bafb7f0afef9344754a3a0597a12442f1b85a048b82108ef2c956f53babd/orjson-3.11.3-cp313-cp313-musllinux_1_2_x86_64.whl", hash = "sha256:e44fbe4000bd321d9f3b648ae46e0196d21577cf66ae684a96ff90b1f7c93633", size = 135418, upload-time = "2025-08-26T17:45:54.806Z" },
    { url = "https://files.pythonhosted.org/packages/60/d4/bae8e4f26afb2c23bea69d2f6d566132584d1c3a5fe89ee8c17b718cab67/orjson-3.11.3-cp313-cp313-win32.whl", hash = "sha256:2039b7847ba3eec1f5886e75e6763a16e18c68a63efc4b029ddf994821e2e66b", size = 136216, upload-time = "2025-08-26T17:45:57.182Z" },
    { url = "https://files.pythonhosted.org/packages/88/76/224985d9f127e121c8cad882cea55f0ebe39f97925de040b75ccd4b33999/orjson-3.11.3-cp313-cp313-win_amd64.whl", hash = "sha256:29be5ac4164aa8bdcba5fa0700a3c9c316b411d8ed9d39ef8a882541bd452fae", size = 131362, upload-time = "2025-08-26T17:45:58.56Z" },
    { url = "https://files.pythonhosted.org/packages/e2/cf/0dce7a0be94bd36d1346be5067ed65ded6adb795fdbe3abd234c8d576d01/orjson-3.11.3-cp313-cp313-win_arm64.whl", hash = "sha256:18bd1435cb1f2857ceb59cfb7de6f92593ef7b831ccd1b9bfb28ca530e539dce", size = 125989, upload-time = "2025-08-26T17:45:59.95Z" },
    { url = "https://files.pythonhosted.org/packages/ef/77/d3b1fef1fc6aaeed4cbf3be2b480114035f4df8fa1a99d2dac1d40d6e924/orjson-3.11.3-cp314-cp314-macosx_10_15_x86_64.macosx_11_0_arm64.macosx_10_15_universal2.whl", hash = "sha256:cf4b81227ec86935568c7edd78352a92e97af8da7bd70bdfdaa0d2e0011a1ab4", size = 238115, upload-time = "2025-08-26T17:46:01.669Z" },
    { url = "https://files.pythonhosted.org/packages/e4/6d/468d21d49bb12f900052edcfbf52c292022d0a323d7828dc6376e6319703/orjson-3.11.3-cp314-cp314-macosx_15_0_arm64.whl", hash = "sha256:bc8bc85b81b6ac9fc4dae393a8c159b817f4c2c9dee5d12b773bddb3b95fc07e", size = 127493, upload-time = "2025-08-26T17:46:03.466Z" },
    { url = "https://files.pythonhosted.org/packages/67/46/1e2588700d354aacdf9e12cc2d98131fb8ac6f31ca65997bef3863edb8ff/orjson-3.11.3-cp314-cp314-manylinux_2_34_aarch64.whl", hash = "sha256:88dcfc514cfd1b0de038443c7b3e6a9797ffb1b3674ef1fd14f701a13397f82d", size = 122998, upload-time = "2025-08-26T17:46:04.803Z" },
    { url = "https://files.pythonhosted.org/packages/3b/94/11137c9b6adb3779f1b34fd98be51608a14b430dbc02c6d41134fbba484c/orjson-3.11.3-cp314-cp314-manylinux_2_34_x86_64.whl", hash = "sha256:d61cd543d69715d5fc0a690c7c6f8dcc307bc23abef9738957981885f5f38229", size = 132915, upload-time = "2025-08-26T17:46:06.237Z" },
    { url = "https://files.pythonhosted.org/packages/10/61/dccedcf9e9bcaac09fdabe9eaee0311ca92115699500efbd31950d878833/orjson-3.11.3-cp314-cp314-musllinux_1_2_aarch64.whl", hash = "sha256:2b7b153ed90ababadbef5c3eb39549f9476890d339cf47af563aea7e07db2451", size = 130907, upload-time = "2025-08-26T17:46:07.581Z" },
    { url = "https://files.pythonhosted.org/packages/0e/fd/0e935539aa7b08b3ca0f817d73034f7eb506792aae5ecc3b7c6e679cdf5f/orjson-3.11.3-cp314-cp314-musllinux_1_2_armv7l.whl", hash = "sha256:7909ae2460f5f494fecbcd10613beafe40381fd0316e35d6acb5f3a05bfda167", size = 403852, upload-time = "2025-08-26T17:46:08.982Z" },
    { url = "https://files.pythonhosted.org/packages/4a/2b/50ae1a5505cd1043379132fdb2adb8a05f37b3e1ebffe94a5073321966fd/orjson-3.11.3-cp314-cp314-musllinux_1_2_i686.whl", hash = "sha256:2030c01cbf77bc67bee7eef1e7e31ecf28649353987775e3583062c752da0077", size = 146309, upload-time = "2025-08-26T17:46:10.576Z" },
    { url = "https://files.pythonhosted.org/packages/cd/1d/a473c158e380ef6f32753b5f39a69028b25ec5be331c2049a2201bde2e19/orjson-3.11.3-cp314-cp314-musllinux_1_2_x86_64.whl", hash = "sha256:a0169ebd1cbd94b26c7a7ad282cf5c2744fce054133f959e02eb5265deae1872", size = 135424, upload-time = "2025-08-26T17:46:12.386Z" },
    { url = "https://files.pythonhosted.org/packages/da/09/17d9d2b60592890ff7382e591aa1d9afb202a266b180c3d4049b1ec70e4a/orjson-3.11.3-cp314-cp314-win32.whl", hash = "sha256:0c6d7328c200c349e3a4c6d8c83e0a5ad029bdc2d417f234152bf34842d0fc8d", size = 136266, upload-time = "2025-08-26T17:46:13.853Z" },
    { url = "https://files.pythonhosted.org/packages/15/58/358f6846410a6b4958b74734727e582ed971e13d335d6c7ce3e47730493e/orjson-3.11.3-cp314-cp314-win_amd64.whl", hash = "sha256:317bbe2c069bbc757b1a2e4105b64aacd3bc78279b66a6b9e51e846e4809f804", size = 131351, upload-time = "2025-08-26T17:46:15.27Z" },
    { url = "https://files.pythonhosted.org/packages/28/01/d6b274a0635be0468d4dbd9cafe80c47105937a0d42434e805e67cd2ed8b/orjson-3.11.3-cp314-cp314-win_arm64.whl", hash = "sha256:e8f6a7a27d7b7bec81bd5924163e9af03d49bbb63013f107b48eb5d16db711bc", size = 125985, upload-time = "2025-08-26T17:46:16.67Z" },
    { url = "https://files.pythonhosted.org/packages/99/a6/18d88ccf8e5d8f711310eba9b4f6562f4aa9d594258efdc4dcf8c1550090/orjson-3.11.3-cp39-cp39-macosx_10_15_x86_64.macosx_11_0_arm64.macosx_10_15_universal2.whl", hash = "sha256:56afaf1e9b02302ba636151cfc49929c1bb66b98794291afd0e5f20fecaf757c", size = 238221, upload-time = "2025-08-26T17:46:18.113Z" },
    { url = "https://files.pythonhosted.org/packages/ee/18/e210365a17bf984c89db40c8be65da164b4ce6a866a2a0ae1d6407c2630b/orjson-3.11.3-cp39-cp39-manylinux_2_17_aarch64.manylinux2014_aarch64.whl", hash = "sha256:913f629adef31d2d350d41c051ce7e33cf0fd06a5d1cb28d49b1899b23b903aa", size = 123209, upload-time = "2025-08-26T17:46:19.688Z" },
    { url = "https://files.pythonhosted.org/packages/26/43/6b3f8ec15fa910726ed94bd2e618f86313ad1cae7c3c8c6b9b8a3a161814/orjson-3.11.3-cp39-cp39-manylinux_2_17_armv7l.manylinux2014_armv7l.whl", hash = "sha256:e0a23b41f8f98b4e61150a03f83e4f0d566880fe53519d445a962929a4d21045", size = 127881, upload-time = "2025-08-26T17:46:21.502Z" },
    { url = "https://files.pythonhosted.org/packages/4a/ed/f41d2406355ce67efdd4ab504732b27bea37b7dbdab3eb86314fe764f1b9/orjson-3.11.3-cp39-cp39-manylinux_2_17_i686.manylinux2014_i686.whl", hash = "sha256:3d721fee37380a44f9d9ce6c701b3960239f4fb3d5ceea7f31cbd43882edaa2f", size = 130306, upload-time = "2025-08-26T17:46:22.914Z" },
    { url = "https://files.pythonhosted.org/packages/3e/a1/1be02950f92c82e64602d3d284bd76d9fc82a6b92c9ce2a387e57a825a11/orjson-3.11.3-cp39-cp39-manylinux_2_17_ppc64le.manylinux2014_ppc64le.whl", hash = "sha256:73b92a5b69f31b1a58c0c7e31080aeaec49c6e01b9522e71ff38d08f15aa56de", size = 132383, upload-time = "2025-08-26T17:46:24.33Z" },
    { url = "https://files.pythonhosted.org/packages/39/49/46766ac00c68192b516a15ffc44c2a9789ca3468b8dc8a500422d99bf0dd/orjson-3.11.3-cp39-cp39-manylinux_2_17_s390x.manylinux2014_s390x.whl", hash = "sha256:d2489b241c19582b3f1430cc5d732caefc1aaf378d97e7fb95b9e56bed11725f", size = 135159, upload-time = "2025-08-26T17:46:25.741Z" },
    { url = "https://files.pythonhosted.org/packages/47/e1/27fd5e7600fdd82996329d48ee56f6e9e9ae4d31eadbc7f93fd2ff0d8214/orjson-3.11.3-cp39-cp39-manylinux_2_17_x86_64.manylinux2014_x86_64.whl", hash = "sha256:c5189a5dab8b0312eadaf9d58d3049b6a52c454256493a557405e77a3d67ab7f", size = 132690, upload-time = "2025-08-26T17:46:27.271Z" },
    { url = "https://files.pythonhosted.org/packages/d8/21/f57ef08799a68c36ef96fe561101afeef735caa80814636b2e18c234e405/orjson-3.11.3-cp39-cp39-musllinux_1_2_aarch64.whl", hash = "sha256:9d8787bdfbb65a85ea76d0e96a3b1bed7bf0fbcb16d40408dc1172ad784a49d2", size = 131086, upload-time = "2025-08-26T17:46:33.067Z" },
    { url = "https://files.pythonhosted.org/packages/cd/84/a3a24306a9dc482e929232c65f5b8c69188136edd6005441d8cc4754f7ea/orjson-3.11.3-cp39-cp39-musllinux_1_2_armv7l.whl", hash = "sha256:8e531abd745f51f8035e207e75e049553a86823d189a51809c078412cefb399a", size = 403884, upload-time = "2025-08-26T17:46:34.55Z" },
    { url = "https://files.pythonhosted.org/packages/11/98/fdae5b2c28bc358e6868e54c8eca7398c93d6a511f0436b61436ad1b04dc/orjson-3.11.3-cp39-cp39-musllinux_1_2_i686.whl", hash = "sha256:8ab962931015f170b97a3dd7bd933399c1bae8ed8ad0fb2a7151a5654b6941c7", size = 145837, upload-time = "2025-08-26T17:46:36.46Z" },
    { url = "https://files.pythonhosted.org/packages/7d/a9/2fe5cd69ed231f3ed88b1ad36a6957e3d2c876eb4b2c6b17b8ae0a6681fc/orjson-3.11.3-cp39-cp39-musllinux_1_2_x86_64.whl", hash = "sha256:124d5ba71fee9c9902c4a7baa9425e663f7f0aecf73d31d54fe3dd357d62c1a7", size = 135325, upload-time = "2025-08-26T17:46:38.03Z" },
    { url = "https://files.pythonhosted.org/packages/ac/a4/7d4c8aefb45f6c8d7d527d84559a3a7e394b9fd1d424a2b5bcaf75fa68e7/orjson-3.11.3-cp39-cp39-win32.whl", hash = "sha256:22724d80ee5a815a44fc76274bb7ba2e7464f5564aacb6ecddaa9970a83e3225", size = 136184, upload-time = "2025-08-26T17:46:39.542Z" },
    { url = "https://files.pythonhosted.org/packages/9a/1f/1d6a24d22001e96c0afcf1806b6eabee1109aebd2ef20ec6698f6a6012d7/orjson-3.11.3-cp39-cp39-win_amd64.whl", hash = "sha256:215c595c792a87d4407cb72dd5e0f6ee8e694ceeb7f9102b533c5a9bf2a916bb", size = 131373, upload-time = "2025-08-26T17:46:41.227Z" },
]

[[package]]
name = "polars"
version = "1.36.1"
source = { registry = "https://pypi.org/simple" }
dependencies = [
    { name = "polars-runtime-32" },
]
sdist = { url = "https://files.pythonhosted.org/packages/9f/dc/56f2a90c79a2cb13f9e956eab6385effe54216ae7a2068b3a6406bae4345/polars-1.36.1.tar.gz", hash = "sha256:12c7616a2305559144711ab73eaa18814f7aa898c522e7645014b68f1432d54c", size = 711993, upload-time = "2025-12-10T01:14:53.033Z" }
wheels = [
    { url = "https://files.pythonhosted.org/packages/f6/c6/36a1b874036b49893ecae0ac44a2f63d1a76e6212631a5b2f50a86e0e8af/polars-1.36.1-py3-none-any.whl", hash = "sha256:853c1bbb237add6a5f6d133c15094a9b727d66dd6a4eb91dbb07cdb056b2b8ef", size = 802429, upload-time = "2025-12-10T01:13:53.838Z" },
]

[[package]]
name = "polars-genson"
version = "0.7.0"
source = { registry = "https://pypi.org/simple" }
dependencies = [
    { name = "orjson" },
]
sdist = { url = "https://files.pythonhosted.org/packages/bd/de/31a27ba6c8a95a37b62b02851882f6d75984046705f73d7ddc61ec22676e/polars_genson-0.7.0.tar.gz", hash = "sha256:d2bf70d6817b7189132cb5c5af62322299de24d6b8def26091d9028322637a0f", size = 24360468, upload-time = "2025-10-11T22:16:28.656Z" }
wheels = [
    { url = "https://files.pythonhosted.org/packages/74/f5/cda3438fc4c72f169e0a6dc6dd3f7e0d13170fad8e0ad0355db93c988294/polars_genson-0.7.0-cp39-abi3-macosx_10_12_x86_64.whl", hash = "sha256:fa39b2926cb0765a967915d54c8f701fc9fd0499b03ebe56b39266bccfd8e4e0", size = 8642683, upload-time = "2025-10-11T22:16:25.24Z" },
    { url = "https://files.pythonhosted.org/packages/28/dc/5bb47252e3120a29c856d288e22b19f37de98b26791aa2b23c3e6afbc6a6/polars_genson-0.7.0-cp39-abi3-macosx_11_0_arm64.whl", hash = "sha256:bac7e1605d25c6ffe33b2b377d52332f64b4fd2004a51634f2047f16a9fbed13", size = 7484817, upload-time = "2025-10-11T22:16:23.246Z" },
    { url = "https://files.pythonhosted.org/packages/a4/c4/f79fec596aabfe0bf3306cf069fe3ba846501b7add8f2484b90cd6e2aee0/polars_genson-0.7.0-cp39-abi3-manylinux_2_17_x86_64.manylinux2014_x86_64.whl", hash = "sha256:62745aa2d2b28c52a1ea6fc90a20fe6e2ab9dcdff4947bf109cc8158c4dcc25a", size = 8853322, upload-time = "2025-10-11T22:16:20.679Z" },
    { url = "https://files.pythonhosted.org/packages/02/87/166ebc1a72914332b1a97a978ae5a791d7a3f2907a66a6be85c4c13dcae3/polars_genson-0.7.0-cp39-abi3-win_amd64.whl", hash = "sha256:bd41ee45aedb96feda6a80987d5f882f610d8de4dd120bda5a249bf86e2b1f2f", size = 9295577, upload-time = "2025-10-11T22:16:31.65Z" },
]

[[package]]
name = "polars-runtime-32"
version = "1.36.1"
source = { registry = "https://pypi.org/simple" }
sdist = { url = "https://files.pythonhosted.org/packages/31/df/597c0ef5eb8d761a16d72327846599b57c5d40d7f9e74306fc154aba8c37/polars_runtime_32-1.36.1.tar.gz", hash = "sha256:201c2cfd80ceb5d5cd7b63085b5fd08d6ae6554f922bcb941035e39638528a09", size = 2788751, upload-time = "2025-12-10T01:14:54.172Z" }
wheels = [
    { url = "https://files.pythonhosted.org/packages/e1/ea/871129a2d296966c0925b078a9a93c6c5e7facb1c5eebfcd3d5811aeddc1/polars_runtime_32-1.36.1-cp39-abi3-macosx_10_12_x86_64.whl", hash = "sha256:327b621ca82594f277751f7e23d4b939ebd1be18d54b4cdf7a2f8406cecc18b2", size = 43494311, upload-time = "2025-12-10T01:13:56.096Z" },
    { url = "https://files.pythonhosted.org/packages/d8/76/0038210ad1e526ce5bb2933b13760d6b986b3045eccc1338e661bd656f77/polars_runtime_32-1.36.1-cp39-abi3-macosx_11_0_arm64.whl", hash = "sha256:ab0d1f23084afee2b97de8c37aa3e02ec3569749ae39571bd89e7a8b11ae9e83", size = 39300602, upload-time = "2025-12-10T01:13:59.366Z" },
    { url = "https://files.pythonhosted.org/packages/54/1e/2707bee75a780a953a77a2c59829ee90ef55708f02fc4add761c579bf76e/polars_runtime_32-1.36.1-cp39-abi3-manylinux_2_17_x86_64.manylinux2014_x86_64.whl", hash = "sha256:899b9ad2e47ceb31eb157f27a09dbc2047efbf4969a923a6b1ba7f0412c3e64c", size = 44511780, upload-time = "2025-12-10T01:14:02.285Z" },
    { url = "https://files.pythonhosted.org/packages/11/b2/3fede95feee441be64b4bcb32444679a8fbb7a453a10251583053f6efe52/polars_runtime_32-1.36.1-cp39-abi3-manylinux_2_24_aarch64.whl", hash = "sha256:d9d077bb9df711bc635a86540df48242bb91975b353e53ef261c6fae6cb0948f", size = 40688448, upload-time = "2025-12-10T01:14:05.131Z" },
    { url = "https://files.pythonhosted.org/packages/05/0f/e629713a72999939b7b4bfdbf030a32794db588b04fdf3dc977dd8ea6c53/polars_runtime_32-1.36.1-cp39-abi3-win_amd64.whl", hash = "sha256:cc17101f28c9a169ff8b5b8d4977a3683cd403621841623825525f440b564cf0", size = 44464898, upload-time = "2025-12-10T01:14:08.296Z" },
    { url = "https://files.pythonhosted.org/packages/d1/d8/a12e6aa14f63784cead437083319ec7cece0d5bb9a5bfe7678cc6578b52a/polars_runtime_32-1.36.1-cp39-abi3-win_arm64.whl", hash = "sha256:809e73857be71250141225ddd5d2b30c97e6340aeaa0d445f930e01bef6888dc", size = 39798896, upload-time = "2025-12-10T01:14:11.568Z" },
]

[[package]]
name = "psutil"
version = "7.1.0"
source = { registry = "https://pypi.org/simple" }
sdist = { url = "https://files.pythonhosted.org/packages/b3/31/4723d756b59344b643542936e37a31d1d3204bcdc42a7daa8ee9eb06fb50/psutil-7.1.0.tar.gz", hash = "sha256:655708b3c069387c8b77b072fc429a57d0e214221d01c0a772df7dfedcb3bcd2", size = 497660, upload-time = "2025-09-17T20:14:52.902Z" }
wheels = [
    { url = "https://files.pythonhosted.org/packages/46/62/ce4051019ee20ce0ed74432dd73a5bb087a6704284a470bb8adff69a0932/psutil-7.1.0-cp36-abi3-macosx_10_9_x86_64.whl", hash = "sha256:76168cef4397494250e9f4e73eb3752b146de1dd950040b29186d0cce1d5ca13", size = 245242, upload-time = "2025-09-17T20:14:56.126Z" },
    { url = "https://files.pythonhosted.org/packages/38/61/f76959fba841bf5b61123fbf4b650886dc4094c6858008b5bf73d9057216/psutil-7.1.0-cp36-abi3-macosx_11_0_arm64.whl", hash = "sha256:5d007560c8c372efdff9e4579c2846d71de737e4605f611437255e81efcca2c5", size = 246682, upload-time = "2025-09-17T20:14:58.25Z" },
    { url = "https://files.pythonhosted.org/packages/88/7a/37c99d2e77ec30d63398ffa6a660450b8a62517cabe44b3e9bae97696e8d/psutil-7.1.0-cp36-abi3-manylinux_2_12_i686.manylinux2010_i686.manylinux_2_17_i686.manylinux2014_i686.whl", hash = "sha256:22e4454970b32472ce7deaa45d045b34d3648ce478e26a04c7e858a0a6e75ff3", size = 287994, upload-time = "2025-09-17T20:14:59.901Z" },
    { url = "https://files.pythonhosted.org/packages/9d/de/04c8c61232f7244aa0a4b9a9fbd63a89d5aeaf94b2fc9d1d16e2faa5cbb0/psutil-7.1.0-cp36-abi3-manylinux_2_12_x86_64.manylinux2010_x86_64.manylinux_2_17_x86_64.manylinux2014_x86_64.whl", hash = "sha256:8c70e113920d51e89f212dd7be06219a9b88014e63a4cec69b684c327bc474e3", size = 291163, upload-time = "2025-09-17T20:15:01.481Z" },
    { url = "https://files.pythonhosted.org/packages/f4/58/c4f976234bf6d4737bc8c02a81192f045c307b72cf39c9e5c5a2d78927f6/psutil-7.1.0-cp36-abi3-manylinux_2_17_aarch64.manylinux2014_aarch64.whl", hash = "sha256:7d4a113425c037300de3ac8b331637293da9be9713855c4fc9d2d97436d7259d", size = 293625, upload-time = "2025-09-17T20:15:04.492Z" },
    { url = "https://files.pythonhosted.org/packages/79/87/157c8e7959ec39ced1b11cc93c730c4fb7f9d408569a6c59dbd92ceb35db/psutil-7.1.0-cp37-abi3-win32.whl", hash = "sha256:09ad740870c8d219ed8daae0ad3b726d3bf9a028a198e7f3080f6a1888b99bca", size = 244812, upload-time = "2025-09-17T20:15:07.462Z" },
    { url = "https://files.pythonhosted.org/packages/bf/e9/b44c4f697276a7a95b8e94d0e320a7bf7f3318521b23de69035540b39838/psutil-7.1.0-cp37-abi3-win_amd64.whl", hash = "sha256:57f5e987c36d3146c0dd2528cd42151cf96cd359b9d67cfff836995cc5df9a3d", size = 247965, upload-time = "2025-09-17T20:15:09.673Z" },
    { url = "https://files.pythonhosted.org/packages/26/65/1070a6e3c036f39142c2820c4b52e9243246fcfc3f96239ac84472ba361e/psutil-7.1.0-cp37-abi3-win_arm64.whl", hash = "sha256:6937cb68133e7c97b6cc9649a570c9a18ba0efebed46d8c5dae4c07fa1b67a07", size = 244971, upload-time = "2025-09-17T20:15:12.262Z" },
]
