{
  "version": "5",
  "specifiers": {
    "npm:agentfs-sdk@*": "0.5.3_just-bash@2.5.2",
    "npm:just-bash@*": "2.5.2",
    "npm:pyodide@*": "0.29.1"
  },
  "npm": {
    "@borewit/text-codec@0.2.1": {
      "integrity": "sha512-k7vvKPbf7J2fZ5klGRD9AeKfUvojuZIQ3BT5u7Jfv+puwXkUBUT5PVyMDfJZpy30CBDXGMgw7fguK/lpOMBvgw=="
    },
    "@isaacs/balanced-match@4.0.1": {
      "integrity": "sha512-yzMTt9lEb8Gv7zRioUilSglI0c0smZ9k5D65677DLWLtWJaXIS3CqcGyUFByYKlnUj6TkjLVs54fBl6+TiGQDQ=="
    },
    "@isaacs/brace-expansion@5.0.0": {
      "integrity": "sha512-ZT55BDLV0yv0RBm2czMiZ+SqCGO7AvmOM3G/w2xhVPH+te0aKgFjmBvGlL1dH+ql2tgGO3MVrbb3jCKyvpgnxA==",
      "dependencies": [
        "@isaacs/balanced-match"
      ]
    },
    "@mixmark-io/domino@2.2.0": {
      "integrity": "sha512-Y28PR25bHXUg88kCV7nivXrP2Nj2RueZ3/l/jdx6J9f8J4nsEGcgX0Qe6lt7Pa+J79+kPiJU3LguR6O/6zrLOw=="
    },
    "@mongodb-js/zstd@7.0.0": {
      "integrity": "sha512-mQ2s0pYYiav+tzCDR05Zptem8Ey2v8s11lri5RKGhTtL4COVCvVCk5vtyRYNT+9L8qSfyOqqefF9UtnW8mC5jA==",
      "dependencies": [
        "node-addon-api",
        "prebuild-install"
      ],
      "scripts": true
    },
    "@tokenizer/inflate@0.4.1": {
      "integrity": "sha512-2mAv+8pkG6GIZiF1kNg1jAjh27IDxEPKwdGul3snfztFerfPGI1LjDezZp3i7BElXompqEtPmoPx6c2wgtWsOA==",
      "dependencies": [
        "debug",
        "token-types"
      ]
    },
    "@tokenizer/token@0.3.0": {
      "integrity": "sha512-OvjF+z51L3ov0OyAU0duzsYuvO01PH7x4t6DJx+guahgTnBHkhJdG7soQeTSFLWN3efnHyibZ4Z8l2EuWwJN3A=="
    },
    "@tursodatabase/database-common@0.4.3": {
      "integrity": "sha512-Eck8V42CrPkASN3Z9xrx77bPWYwVfZwoHvhXlH9hEY2SABBWmPTtgBxrhu6nWanlvfobxR/qxU7q5QziSLUIAw=="
    },
    "@tursodatabase/database-darwin-arm64@0.4.3": {
      "integrity": "sha512-+YPBGkpTo7+EA/2xjpUpRvHw2b/Iiw1fnFJL25u2FZWNlq9CwR8nRERb/yXYJcysKMS7r/CQPty34LvbTuU1Cg==",
      "os": ["darwin"],
      "cpu": ["arm64"]
    },
    "@tursodatabase/database-linux-arm64-gnu@0.4.3": {
      "integrity": "sha512-G8Lwe2liC1PmZ2Uyl++y71DJOaPTTdyFfLjH44jO2gyBBRinAUHgk+NMBmDeSJ2ywaiwnJAOd5bj5lPZUMty9w==",
      "os": ["linux"],
      "cpu": ["arm64"]
    },
    "@tursodatabase/database-linux-x64-gnu@0.4.3": {
      "integrity": "sha512-DYKOv1Cmeyuop/UEHLJN9xQQpIRj2/SgCzT3n/NGD2pFtpHLmEnWoIRywX4DSiZJtTnf4Oy9hTZsO3W7La4BjQ==",
      "os": ["linux"],
      "cpu": ["x64"]
    },
    "@tursodatabase/database-win32-x64-msvc@0.4.3": {
      "integrity": "sha512-mGLYSVnNtUm5zFwclSJwjEqGjbTlExe/JAHsEOu60Y9nnGmp6Yf/yIZqg7E3VvWaNyLVc/uU3TtyzgLOfID/fQ==",
      "os": ["win32"],
      "cpu": ["x64"]
    },
    "@tursodatabase/database@0.4.3": {
      "integrity": "sha512-AyuvJQv55vZTgLjnMMdBznOxT2twwb7azO9iTSAbngedEm87XpFkTmpKIne7t33OSpMVG4H/3qfEcDvLdHSCcA==",
      "dependencies": [
        "@tursodatabase/database-common"
      ],
      "optionalDependencies": [
        "@tursodatabase/database-darwin-arm64",
        "@tursodatabase/database-linux-arm64-gnu",
        "@tursodatabase/database-linux-x64-gnu",
        "@tursodatabase/database-win32-x64-msvc"
      ]
    },
    "@types/emscripten@1.41.5": {
      "integrity": "sha512-cMQm7pxu6BxtHyqJ7mQZ2kXWV5SLmugybFdHCBbJ5eHzOo6VhBckEgAT3//rP5FwPHNPeEiq4SmQ5ucBwsOo4Q=="
    },
    "agentfs-sdk@0.5.3_just-bash@2.5.2": {
      "integrity": "sha512-fjDy06THOGpbZJ7vD6BJbVB3HafoKnpqvZrsTTKquP4z9WRxPfP9MlsT6UDGicjm9mhSZpgkQdnFuTz1unakZg==",
      "dependencies": [
        "@tursodatabase/database",
        "@tursodatabase/database-common",
        "buffer@6.0.3",
        "just-bash"
      ],
      "optionalPeers": [
        "just-bash"
      ]
    },
    "amdefine@1.0.1": {
      "integrity": "sha512-S2Hw0TtNkMJhIabBwIojKL9YHO5T0n5eNqWJ7Lrlel/zDbftQpxpapi8tZs3X1HWa+u+QeydGmzzNU0m09+Rcg=="
    },
    "base64-js@1.5.1": {
      "integrity": "sha512-AKpaYlHn8t4SVbOHCy+b5+KKgvR4vrsD8vbvrbiQJps7fKDTkjkDry6ji0rUJjC0kzbNePLwzxq8iypo41qeWA=="
    },
    "bl@4.1.0": {
      "integrity": "sha512-1W07cM9gS6DcLperZfFSj+bWLtaPGSOHWhPiGzXmvVJbRLdG82sH/Kn8EtW1VqWVA54AKf2h5k5BbnIbwF3h6w==",
      "dependencies": [
        "buffer@5.7.1",
        "inherits",
        "readable-stream"
      ]
    },
    "buffer@5.7.1": {
      "integrity": "sha512-EHcyIPBQ4BSGlvjB16k5KgAJ27CIsHY/2JBmCRReo48y9rQ3MaUzWX3KVlBa4U7MyX02HdVj0K7C3WaB3ju7FQ==",
      "dependencies": [
        "base64-js",
        "ieee754"
      ]
    },
    "buffer@6.0.3": {
      "integrity": "sha512-FTiCpNxtwiZZHEZbcbTIcZjERVICn9yq/pDFkTl95/AxzD1naBctN7YO68riM/gLSDY7sdrMby8hofADYuuqOA==",
      "dependencies": [
        "base64-js",
        "ieee754"
      ]
    },
    "chownr@1.1.4": {
      "integrity": "sha512-jJ0bqzaylmJtVnNgzTeSOs8DPavpbYgEr/b0YL8/2GO3xJEhInFmhKMUnEJQjZumK7KXGFhUy89PrsJWlakBVg=="
    },
    "commander@2.8.1": {
      "integrity": "sha512-+pJLBFVk+9ZZdlAOB5WuIElVPPth47hILFkmGym57aq8kwxsowvByvB0DHs1vQAhyMZzdcpTtF0VDKGkSDR4ZQ==",
      "dependencies": [
        "graceful-readlink"
      ]
    },
    "compressjs@1.0.3": {
      "integrity": "sha512-jpKJjBTretQACTGLNuvnozP1JdP2ZLrjdGdBgk/tz1VfXlUcBhhSZW6vEsuThmeot/yjvSrPQKEgfF3X2Lpi8Q==",
      "dependencies": [
        "amdefine",
        "commander"
      ],
      "bin": true
    },
    "debug@4.4.3": {
      "integrity": "sha512-RGwwWnwQvkVfavKVt22FGLw+xYSdzARwm0ru6DhTVA3umU5hZc28V3kO4stgYryrTlLpuvgI9GiijltAjNbcqA==",
      "dependencies": [
        "ms"
      ]
    },
    "decompress-response@6.0.0": {
      "integrity": "sha512-aW35yZM6Bb/4oJlZncMH2LCoZtJXTRxES17vE3hoRiowU2kWHaJKFkSBDnDR+cm9J+9QhXmREyIfv0pji9ejCQ==",
      "dependencies": [
        "mimic-response"
      ]
    },
    "deep-extend@0.6.0": {
      "integrity": "sha512-LOHxIOaPYdHlJRtCQfDIVZtfw/ufM8+rVj649RIHzcm/vGwQRXFt6OPqIFWsm2XEMrNIEtWR64sY1LEKD2vAOA=="
    },
    "detect-libc@2.1.2": {
      "integrity": "sha512-Btj2BOOO83o3WyH59e8MgXsxEQVcarkUOpEYrubB0urwnN10yQ364rsiByU11nZlqWYZm05i/of7io4mzihBtQ=="
    },
    "diff@8.0.3": {
      "integrity": "sha512-qejHi7bcSD4hQAZE0tNAawRK1ZtafHDmMTMkrrIGgSLl7hTnQHmKCeB45xAcbfTqK2zowkM3j3bHt/4b/ARbYQ=="
    },
    "end-of-stream@1.4.5": {
      "integrity": "sha512-ooEGc6HP26xXq/N+GCGOT0JKCLDGrq2bQUZrQ7gyrJiZANJ/8YDTxTpQBXGMn+WbIQXNVpyWymm7KYVICQnyOg==",
      "dependencies": [
        "once"
      ]
    },
    "expand-template@2.0.3": {
      "integrity": "sha512-XYfuKMvj4O35f/pOXLObndIRvyQ+/+6AhODh+OKWj9S9498pHHn/IMszH+gt0fBCRWMNfk1ZSp5x3AifmnI2vg=="
    },
    "fast-xml-parser@5.3.3": {
      "integrity": "sha512-2O3dkPAAC6JavuMm8+4+pgTk+5hoAs+CjZ+sWcQLkX9+/tHRuTkQh/Oaifr8qDmZ8iEHb771Ea6G8CdwkrgvYA==",
      "dependencies": [
        "strnum"
      ],
      "bin": true
    },
    "file-type@21.3.0": {
      "integrity": "sha512-8kPJMIGz1Yt/aPEwOsrR97ZyZaD1Iqm8PClb1nYFclUCkBi0Ma5IsYNQzvSFS9ib51lWyIw5mIT9rWzI/xjpzA==",
      "dependencies": [
        "@tokenizer/inflate",
        "strtok3",
        "token-types",
        "uint8array-extras"
      ]
    },
    "fs-constants@1.0.0": {
      "integrity": "sha512-y6OAwoSIf7FyjMIv94u+b5rdheZEjzR63GTyZJm5qh4Bi+2YgwLCcI/fPFZkL5PSixOt6ZNKm+w+Hfp/Bciwow=="
    },
    "github-from-package@0.0.0": {
      "integrity": "sha512-SyHy3T1v2NUXn29OsWdxmK6RwHD+vkj3v8en8AOBZ1wBQ/hCAQ5bAQTD02kW4W9tUp/3Qh6J8r9EvntiyCmOOw=="
    },
    "graceful-readlink@1.0.1": {
      "integrity": "sha512-8tLu60LgxF6XpdbK8OW3FA+IfTNBn1ZHGHKF4KQbEeSkajYw5PlYJcKluntgegDPTg8UkHjpet1T82vk6TQ68w=="
    },
    "ieee754@1.2.1": {
      "integrity": "sha512-dcyqhDvX1C46lXZcVqCpK+FtMRQVdIMN6/Df5js2zouUsqG7I6sFxitIC+7KYK29KdXOLHdu9zL4sFnoVQnqaA=="
    },
    "inherits@2.0.4": {
      "integrity": "sha512-k/vGaX4/Yla3WzyMCvTQOXYeIHvqOKtnqBduzTHpzpQZzAskKMhZ2K+EnBiSM9zGSoIFeMpXKxa4dYeZIQqewQ=="
    },
    "ini@1.3.8": {
      "integrity": "sha512-JV/yugV2uzW5iMRSiZAyDtQd+nxtUnjeLt0acNdw98kKLrvuRVyB80tsREOE7yvGVgalhZ6RNXCmEHkUKBKxew=="
    },
    "ini@6.0.0": {
      "integrity": "sha512-IBTdIkzZNOpqm7q3dRqJvMaldXjDHWkEDfrwGEQTs5eaQMWV+djAhR+wahyNNMAa+qpbDUhBMVt4ZKNwpPm7xQ=="
    },
    "just-bash@2.5.2": {
      "integrity": "sha512-Huv+JXBvl3F0pJ5mLnUUlNUmfwlvjQpbvwpCHsB4mDAyWEpmnTG9nNlwMJ/t7a17tkZ9l8CPihRmuNhEFMqDWQ==",
      "dependencies": [
        "@mongodb-js/zstd",
        "compressjs",
        "diff",
        "fast-xml-parser",
        "file-type",
        "ini@6.0.0",
        "minimatch",
        "modern-tar",
        "papaparse",
        "smol-toml",
        "sprintf-js",
        "sql.js",
        "turndown",
        "yaml"
      ],
      "optionalDependencies": [
        "node-liblzma"
      ],
      "bin": true
    },
    "mimic-response@3.1.0": {
      "integrity": "sha512-z0yWI+4FDrrweS8Zmt4Ej5HdJmky15+L2e6Wgn3+iK5fWzb6T3fhNFq2+MeTRb064c6Wr4N/wv0DzQTjNzHNGQ=="
    },
    "minimatch@10.1.1": {
      "integrity": "sha512-enIvLvRAFZYXJzkCYG5RKmPfrFArdLv+R+lbQ53BmIMLIry74bjKzX6iHAm8WYamJkhSSEabrWN5D97XnKObjQ==",
      "dependencies": [
        "@isaacs/brace-expansion"
      ]
    },
    "minimist@1.2.8": {
      "integrity": "sha512-2yyAR8qBkN3YuheJanUpWC5U3bb5osDywNB8RzDVlDwDHbocAJveqqj1u8+SVD7jkWT4yvsHCpWqqWqAxb0zCA=="
    },
    "mkdirp-classic@0.5.3": {
      "integrity": "sha512-gKLcREMhtuZRwRAfqP3RFW+TK4JqApVBtOIftVgjuABpAtpxhPGaDcfvbhNvD0B8iD1oUr/txX35NjcaY6Ns/A=="
    },
    "modern-tar@0.7.3": {
      "integrity": "sha512-4W79zekKGyYU4JXVmB78DOscMFaJth2gGhgfTl2alWE4rNe3nf4N2pqenQ0rEtIewrnD79M687Ouba3YGTLOvg=="
    },
    "ms@2.1.3": {
      "integrity": "sha512-6FlzubTLZG3J2a/NVCAleEhjzq5oxgHyaCU9yYXvcLsvoVaHJq/s5xXI6/XXP6tz7R9xAOtHnSO/tXtF3WRTlA=="
    },
    "napi-build-utils@2.0.0": {
      "integrity": "sha512-GEbrYkbfF7MoNaoh2iGG84Mnf/WZfB0GdGEsM8wz7Expx/LlWf5U8t9nvJKXSp3qr5IsEbK04cBGhol/KwOsWA=="
    },
    "node-abi@3.86.0": {
      "integrity": "sha512-sn9Et4N3ynsetj3spsZR729DVlGH6iBG4RiDMV7HEp3guyOW6W3S0unGpLDxT50mXortGUMax/ykUNQXdqc/Xg==",
      "dependencies": [
        "semver"
      ]
    },
    "node-addon-api@8.5.0": {
      "integrity": "sha512-/bRZty2mXUIFY/xU5HLvveNHlswNJej+RnxBjOMkidWfwZzgTbPG1E3K5TOxRLOR+5hX7bSofy8yf1hZevMS8A=="
    },
    "node-gyp-build@4.8.4": {
      "integrity": "sha512-LA4ZjwlnUblHVgq0oBF3Jl/6h/Nvs5fzBLwdEF4nuxnFdsfajde4WfxtJr3CaiH+F6ewcIB/q4jQ4UzPyid+CQ==",
      "bin": true
    },
    "node-liblzma@2.0.3": {
      "integrity": "sha512-BZTOQtHTFiq9FNAXeRJI25P7ZFzudXK1K72HJ/XXuVNwZsLIK6zHLCjIFZWEIfdPKrnLtEUhZ0+TelXvVCDnvQ==",
      "dependencies": [
        "node-addon-api",
        "node-gyp-build"
      ],
      "scripts": true
    },
    "once@1.4.0": {
      "integrity": "sha512-lNaJgI+2Q5URQBkccEKHTQOPaXdUxnZZElQTZY0MFUAuaEqe1E+Nyvgdz/aIyNi6Z9MzO5dv1H8n58/GELp3+w==",
      "dependencies": [
        "wrappy"
      ]
    },
    "papaparse@5.5.3": {
      "integrity": "sha512-5QvjGxYVjxO59MGU2lHVYpRWBBtKHnlIAcSe1uNFCkkptUh63NFRj0FJQm7nR67puEruUci/ZkjmEFrjCAyP4A=="
    },
    "prebuild-install@7.1.3": {
      "integrity": "sha512-8Mf2cbV7x1cXPUILADGI3wuhfqWvtiLA1iclTDbFRZkgRQS0NqsPZphna9V+HyTEadheuPmjaJMsbzKQFOzLug==",
      "dependencies": [
        "detect-libc",
        "expand-template",
        "github-from-package",
        "minimist",
        "mkdirp-classic",
        "napi-build-utils",
        "node-abi",
        "pump",
        "rc",
        "simple-get",
        "tar-fs",
        "tunnel-agent"
      ],
      "bin": true
    },
    "pump@3.0.3": {
      "integrity": "sha512-todwxLMY7/heScKmntwQG8CXVkWUOdYxIvY2s0VWAAMh/nd8SoYiRaKjlr7+iCs984f2P8zvrfWcDDYVb73NfA==",
      "dependencies": [
        "end-of-stream",
        "once"
      ]
    },
    "pyodide@0.29.1": {
      "integrity": "sha512-mpk9jtkiM7Ugh1r9P9dbR8vKrmf0lED32hBZq+Fn1kkkBiUoOjSsJEWcyprugICpiFpIXpUOf80ZrvFXkQMk2g==",
      "dependencies": [
        "@types/emscripten",
        "ws"
      ]
    },
    "rc@1.2.8": {
      "integrity": "sha512-y3bGgqKj3QBdxLbLkomlohkvsA8gdAiUQlSBJnBhfn+BPxg4bc62d8TcBW15wavDfgexCgccckhcZvywyQYPOw==",
      "dependencies": [
        "deep-extend",
        "ini@1.3.8",
        "minimist",
        "strip-json-comments"
      ],
      "bin": true
    },
    "readable-stream@3.6.2": {
      "integrity": "sha512-9u/sniCrY3D5WdsERHzHE4G2YCXqoG5FTHUiCC4SIbr6XcLZBY05ya9EKjYek9O5xOAwjGq+1JdGBAS7Q9ScoA==",
      "dependencies": [
        "inherits",
        "string_decoder",
        "util-deprecate"
      ]
    },
    "safe-buffer@5.2.1": {
      "integrity": "sha512-rp3So07KcdmmKbGvgaNxQSJr7bGVSVk5S9Eq1F+ppbRo70+YeaDxkw5Dd8NPN+GD6bjnYm2VuPuCXmpuYvmCXQ=="
    },
    "semver@7.7.3": {
      "integrity": "sha512-SdsKMrI9TdgjdweUSR9MweHA4EJ8YxHn8DFaDisvhVlUOe4BF1tLD7GAj0lIqWVl+dPb/rExr0Btby5loQm20Q==",
      "bin": true
    },
    "simple-concat@1.0.1": {
      "integrity": "sha512-cSFtAPtRhljv69IK0hTVZQ+OfE9nePi/rtJmw5UjHeVyVroEqJXP1sFztKUy1qU+xvz3u/sfYJLa947b7nAN2Q=="
    },
    "simple-get@4.0.1": {
      "integrity": "sha512-brv7p5WgH0jmQJr1ZDDfKDOSeWWg+OVypG99A/5vYGPqJ6pxiaHLy8nxtFjBA7oMa01ebA9gfh1uMCFqOuXxvA==",
      "dependencies": [
        "decompress-response",
        "once",
        "simple-concat"
      ]
    },
    "smol-toml@1.6.0": {
      "integrity": "sha512-4zemZi0HvTnYwLfrpk/CF9LOd9Lt87kAt50GnqhMpyF9U3poDAP2+iukq2bZsO/ufegbYehBkqINbsWxj4l4cw=="
    },
    "sprintf-js@1.1.3": {
      "integrity": "sha512-Oo+0REFV59/rz3gfJNKQiBlwfHaSESl1pcGyABQsnnIfWOFt6JNj5gCog2U6MLZ//IGYD+nA8nI+mTShREReaA=="
    },
    "sql.js@1.13.0": {
      "integrity": "sha512-RJbVP1HRDlUUXahJ7VMTcu9Rm1Nzw+EBpoPr94vnbD4LwR715F3CcxE2G2k45PewcaZ57pjetYa+LoSJLAASgA=="
    },
    "string_decoder@1.3.0": {
      "integrity": "sha512-hkRX8U1WjJFd8LsDJ2yQ/wWWxaopEsABU1XfkM8A+j0+85JAGppt16cr1Whg6KIbb4okU6Mql6BOj+uup/wKeA==",
      "dependencies": [
        "safe-buffer"
      ]
    },
    "strip-json-comments@2.0.1": {
      "integrity": "sha512-4gB8na07fecVVkOI6Rs4e7T6NOTki5EmL7TUduTs6bu3EdnSycntVJ4re8kgZA+wx9IueI2Y11bfbgwtzuE0KQ=="
    },
    "strnum@2.1.2": {
      "integrity": "sha512-l63NF9y/cLROq/yqKXSLtcMeeyOfnSQlfMSlzFt/K73oIaD8DGaQWd7Z34X9GPiKqP5rbSh84Hl4bOlLcjiSrQ=="
    },
    "strtok3@10.3.4": {
      "integrity": "sha512-KIy5nylvC5le1OdaaoCJ07L+8iQzJHGH6pWDuzS+d07Cu7n1MZ2x26P8ZKIWfbK02+XIL8Mp4RkWeqdUCrDMfg==",
      "dependencies": [
        "@tokenizer/token"
      ]
    },
    "tar-fs@2.1.4": {
      "integrity": "sha512-mDAjwmZdh7LTT6pNleZ05Yt65HC3E+NiQzl672vQG38jIrehtJk/J3mNwIg+vShQPcLF/LV7CMnDW6vjj6sfYQ==",
      "dependencies": [
        "chownr",
        "mkdirp-classic",
        "pump",
        "tar-stream"
      ]
    },
    "tar-stream@2.2.0": {
      "integrity": "sha512-ujeqbceABgwMZxEJnk2HDY2DlnUZ+9oEcb1KzTVfYHio0UE6dG71n60d8D2I4qNvleWrrXpmjpt7vZeF1LnMZQ==",
      "dependencies": [
        "bl",
        "end-of-stream",
        "fs-constants",
        "inherits",
        "readable-stream"
      ]
    },
    "token-types@6.1.2": {
      "integrity": "sha512-dRXchy+C0IgK8WPC6xvCHFRIWYUbqqdEIKPaKo/AcTUNzwLTK6AH7RjdLWsEZcAN/TBdtfUw3PYEgPr5VPr6ww==",
      "dependencies": [
        "@borewit/text-codec",
        "@tokenizer/token",
        "ieee754"
      ]
    },
    "tunnel-agent@0.6.0": {
      "integrity": "sha512-McnNiV1l8RYeY8tBgEpuodCC1mLUdbSN+CYBL7kJsJNInOP8UjDDEwdk6Mw60vdLLrr5NHKZhMAOSrR2NZuQ+w==",
      "dependencies": [
        "safe-buffer"
      ]
    },
    "turndown@7.2.2": {
      "integrity": "sha512-1F7db8BiExOKxjSMU2b7if62D/XOyQyZbPKq/nUwopfgnHlqXHqQ0lvfUTeUIr1lZJzOPFn43dODyMSIfvWRKQ==",
      "dependencies": [
        "@mixmark-io/domino"
      ]
    },
    "uint8array-extras@1.5.0": {
      "integrity": "sha512-rvKSBiC5zqCCiDZ9kAOszZcDvdAHwwIKJG33Ykj43OKcWsnmcBRL09YTU4nOeHZ8Y2a7l1MgTd08SBe9A8Qj6A=="
    },
    "util-deprecate@1.0.2": {
      "integrity": "sha512-EPD5q1uXyFxJpCrLnCc1nHnq3gOa6DZBocAIiI2TaSCA7VCJ1UJDMagCzIkXNsUYfD1daK//LTEQ8xiIbrHtcw=="
    },
    "wrappy@1.0.2": {
      "integrity": "sha512-l4Sp/DRseor9wL6EvV2+TuQn63dMkPjZ/sp9XkghTEbV9KlPS1xUsZ3u7/IQO4wxtcFB4bgpQPRcR3QCvezPcQ=="
    },
    "ws@8.19.0": {
      "integrity": "sha512-blAT2mjOEIi0ZzruJfIhb3nps74PRWTCz1IjglWEEpQl5XS/UNama6u2/rjFkDDouqr4L67ry+1aGIALViWjDg=="
    },
    "yaml@2.8.2": {
      "integrity": "sha512-mplynKqc1C2hTVYxd0PU2xQAc22TI1vShAYGksCCfxbn/dFwnHTNi1bvYsBTkhdUNtGIf5xNOg938rrSSYvS9A==",
      "bin": true
    }
  }
}
