version = 1
revision = 3
requires-python = ">=3.9"

[[package]]
name = "pyfroniusreg"
version = "0.2.2"
source = { editable = "." }
dependencies = [
    { name = "pymodbus" },
]

[package.metadata]
requires-dist = [{ name = "pymodbus", specifier = "==3.7.*" }]

[[package]]
name = "pymodbus"
version = "3.7.4"
source = { registry = "https://pypi.org/simple" }
sdist = { url = "https://files.pythonhosted.org/packages/0b/bc/f98789706351e778676a3e84ed6203160c4f581092e298eb075bc9e08230/pymodbus-3.7.4.tar.gz", hash = "sha256:573c370aea04523403eea1e159616a583cd7b93cfc5c81b07340d3cccd52c99f", size = 170675, upload-time = "2024-10-22T10:27:16.338Z" }
wheels = [
    { url = "https://files.pythonhosted.org/packages/07/0a/b57434ae7ecc83a854f0431a380964a575a6474197211d2bae3fa0529484/pymodbus-3.7.4-py3-none-any.whl", hash = "sha256:dfb45ef9a2c1663875ad32378f780b5824628cd3c0a486851e64b8a3341a3e82", size = 173104, upload-time = "2024-10-22T10:27:14.789Z" },
]
